<?xml version="1.0" encoding="utf-8"?>
<Project ToolsVersion="4.0" xmlns="http://schemas.microsoft.com/developer/msbuild/2003">
  <ItemGroup>
    <Filter Include="Source Files">
      <UniqueIdentifier>{4FC737F1-C7A5-4376-A066-2A32D752A2FF}</UniqueIdentifier>
      <Extensions>cpp;c;cc;cxx;def;odl;idl;hpj;bat;asm;asmx</Extensions>
    </Filter>
    <Filter Include="Header Files">
      <UniqueIdentifier>{93995380-89BD-4b04-88EB-625FBE52EBFB}</UniqueIdentifier>
      <Extensions>h;hh;hpp;hxx;hm;inl;inc;xsd</Extensions>
    </Filter>
    <Filter Include="Resource Files">
      <UniqueIdentifier>{67DA6AB6-F800-4c08-8B7A-83BB121AAD01}</UniqueIdentifier>
      <Extensions>rc;ico;cur;bmp;dlg;rc2;rct;bin;rgs;gif;jpg;jpeg;jpe;resx;tiff;tif;png;wav;mfcribbon-ms</Extensions>
    </Filter>
  </ItemGroup>
  <ItemGroup>
    <ClCompile Include="src\analyzers\analyzer.cpp">
      <Filter>Source Files</Filter>
    </ClCompile>
    <ClCompile Include="src\analyzers\analyzerbase.cpp">
      <Filter>Source Files</Filter>
    </ClCompile>
    <ClCompile Include="src\analyzers\analyzercontainer.cpp">
      <Filter>Source Files</Filter>
    </ClCompile>
    <ClCompile Include="src\analyzers\baranalyzer.cpp">
      <Filter>Source Files</Filter>
    </ClCompile>
    <ClCompile Include="src\analyzers\blockanalyzer.cpp">
      <Filter>Source Files</Filter>
    </ClCompile>
    <ClCompile Include="src\analyzers\boomanalyzer.cpp">
      <Filter>Source Files</Filter>
    </ClCompile>
    <ClCompile Include="src\analyzers\fht.cpp">
      <Filter>Source Files</Filter>
    </ClCompile>
    <ClCompile Include="src\analyzers\glanalyzer.cpp">
      <Filter>Source Files</Filter>
    </ClCompile>
    <ClCompile Include="src\analyzers\glanalyzer2.cpp">
      <Filter>Source Files</Filter>
    </ClCompile>
    <ClCompile Include="src\analyzers\glanalyzer3.cpp">
      <Filter>Source Files</Filter>
    </ClCompile>
    <ClCompile Include="src\analyzers\rainbowanalyzer.cpp">
      <Filter>Source Files</Filter>
    </ClCompile>
    <ClCompile Include="src\analyzers\sonogram.cpp">
      <Filter>Source Files</Filter>
    </ClCompile>
    <ClCompile Include="src\analyzers\turbine.cpp">
      <Filter>Source Files</Filter>
    </ClCompile>
    <ClCompile Include="src\core\appearance.cpp">
      <Filter>Source Files</Filter>
    </ClCompile>
    <ClCompile Include="src\core\application.cpp">
      <Filter>Source Files</Filter>
    </ClCompile>
    <ClCompile Include="src\core\backgroundstreams.cpp">
      <Filter>Source Files</Filter>
    </ClCompile>
    <ClCompile Include="src\core\commandlineoptions.cpp">
      <Filter>Source Files</Filter>
    </ClCompile>
    <ClCompile Include="src\core\crashreporting.cpp">
      <Filter>Source Files</Filter>
    </ClCompile>
    <ClCompile Include="src\core\database.cpp">
      <Filter>Source Files</Filter>
    </ClCompile>
    <ClCompile Include="src\core\deletefiles.cpp">
      <Filter>Source Files</Filter>
    </ClCompile>
    <ClCompile Include="src\core\filesystemmusicstorage.cpp">
      <Filter>Source Files</Filter>
    </ClCompile>
    <ClCompile Include="src\core\filesystemwatcherinterface.cpp">
      <Filter>Source Files</Filter>
    </ClCompile>
    <ClCompile Include="src\core\globalshortcutbackend.cpp">
      <Filter>Source Files</Filter>
    </ClCompile>
    <ClCompile Include="src\core\globalshortcuts.cpp">
      <Filter>Source Files</Filter>
    </ClCompile>
    <ClCompile Include="src\core\gnomeglobalshortcutbackend.cpp">
      <Filter>Source Files</Filter>
    </ClCompile>
    <ClCompile Include="src\core\mergedproxymodel.cpp">
      <Filter>Source Files</Filter>
    </ClCompile>
    <ClCompile Include="src\core\metatypes.cpp">
      <Filter>Source Files</Filter>
    </ClCompile>
    <ClCompile Include="src\core\mpris.cpp">
      <Filter>Source Files</Filter>
    </ClCompile>
    <ClCompile Include="src\core\mpris1.cpp">
      <Filter>Source Files</Filter>
    </ClCompile>
    <ClCompile Include="src\core\mpris2.cpp">
      <Filter>Source Files</Filter>
    </ClCompile>
    <ClCompile Include="src\core\multisortfilterproxy.cpp">
      <Filter>Source Files</Filter>
    </ClCompile>
    <ClCompile Include="src\core\musicstorage.cpp">
      <Filter>Source Files</Filter>
    </ClCompile>
    <ClCompile Include="src\core\network.cpp">
      <Filter>Source Files</Filter>
    </ClCompile>
    <ClCompile Include="src\core\networkproxyfactory.cpp">
      <Filter>Source Files</Filter>
    </ClCompile>
    <ClCompile Include="src\core\organise.cpp">
      <Filter>Source Files</Filter>
    </ClCompile>
    <ClCompile Include="src\core\organiseformat.cpp">
      <Filter>Source Files</Filter>
    </ClCompile>
    <ClCompile Include="src\core\player.cpp">
      <Filter>Source Files</Filter>
    </ClCompile>
    <ClCompile Include="src\core\qtfslistener.cpp">
      <Filter>Source Files</Filter>
    </ClCompile>
    <ClCompile Include="src\core\qxtglobalshortcutbackend.cpp">
      <Filter>Source Files</Filter>
    </ClCompile>
    <ClCompile Include="src\core\scopedtransaction.cpp">
      <Filter>Source Files</Filter>
    </ClCompile>
    <ClCompile Include="src\core\settingsprovider.cpp">
      <Filter>Source Files</Filter>
    </ClCompile>
    <ClCompile Include="src\core\signalchecker.cpp">
      <Filter>Source Files</Filter>
    </ClCompile>
    <ClCompile Include="src\core\song.cpp">
      <Filter>Source Files</Filter>
    </ClCompile>
    <ClCompile Include="src\core\songloader.cpp">
      <Filter>Source Files</Filter>
    </ClCompile>
    <ClCompile Include="src\core\stylesheetloader.cpp">
      <Filter>Source Files</Filter>
    </ClCompile>
    <ClCompile Include="src\core\tagreaderclient.cpp">
      <Filter>Source Files</Filter>
    </ClCompile>
    <ClCompile Include="src\core\taskmanager.cpp">
      <Filter>Source Files</Filter>
    </ClCompile>
    <ClCompile Include="src\core\thread.cpp">
      <Filter>Source Files</Filter>
    </ClCompile>
    <ClCompile Include="src\core\ubuntuunityhack.cpp">
      <Filter>Source Files</Filter>
    </ClCompile>
    <ClCompile Include="src\core\urlhandler.cpp">
      <Filter>Source Files</Filter>
    </ClCompile>
    <ClCompile Include="src\core\utilities.cpp">
      <Filter>Source Files</Filter>
    </ClCompile>
    <ClCompile Include="src\covers\albumcoverexporter.cpp">
      <Filter>Source Files</Filter>
    </ClCompile>
    <ClCompile Include="src\covers\albumcoverfetcher.cpp">
      <Filter>Source Files</Filter>
    </ClCompile>
    <ClCompile Include="src\covers\albumcoverfetchersearch.cpp">
      <Filter>Source Files</Filter>
    </ClCompile>
    <ClCompile Include="src\covers\albumcoverloader.cpp">
      <Filter>Source Files</Filter>
    </ClCompile>
    <ClCompile Include="src\covers\albumcoverloaderoptions.cpp">
      <Filter>Source Files</Filter>
    </ClCompile>
    <ClCompile Include="src\covers\amazoncoverprovider.cpp">
      <Filter>Source Files</Filter>
    </ClCompile>
    <ClCompile Include="src\covers\coverexportrunnable.cpp">
      <Filter>Source Files</Filter>
    </ClCompile>
    <ClCompile Include="src\covers\coverprovider.cpp">
      <Filter>Source Files</Filter>
    </ClCompile>
    <ClCompile Include="src\covers\coverproviders.cpp">
      <Filter>Source Files</Filter>
    </ClCompile>
    <ClCompile Include="src\covers\coversearchstatistics.cpp">
      <Filter>Source Files</Filter>
    </ClCompile>
    <ClCompile Include="src\covers\coversearchstatisticsdialog.cpp">
      <Filter>Source Files</Filter>
    </ClCompile>
    <ClCompile Include="src\covers\currentartloader.cpp">
      <Filter>Source Files</Filter>
    </ClCompile>
    <ClCompile Include="src\covers\kittenloader.cpp">
      <Filter>Source Files</Filter>
    </ClCompile>
    <ClCompile Include="src\covers\lastfmcoverprovider.cpp">
      <Filter>Source Files</Filter>
    </ClCompile>
    <ClCompile Include="src\covers\musicbrainzcoverprovider.cpp">
      <Filter>Source Files</Filter>
    </ClCompile>
    <ClCompile Include="src\devices\cddadevice.cpp">
      <Filter>Source Files</Filter>
    </ClCompile>
    <ClCompile Include="src\devices\cddalister.cpp">
      <Filter>Source Files</Filter>
    </ClCompile>
    <ClCompile Include="src\devices\cddasongloader.cpp">
      <Filter>Source Files</Filter>
    </ClCompile>
    <ClCompile Include="src\devices\connecteddevice.cpp">
      <Filter>Source Files</Filter>
    </ClCompile>
    <ClCompile Include="src\devices\devicedatabasebackend.cpp">
      <Filter>Source Files</Filter>
    </ClCompile>
    <ClCompile Include="src\devices\devicekitlister.cpp">
      <Filter>Source Files</Filter>
    </ClCompile>
    <ClCompile Include="src\devices\devicelister.cpp">
      <Filter>Source Files</Filter>
    </ClCompile>
    <ClCompile Include="src\devices\devicemanager.cpp">
      <Filter>Source Files</Filter>
    </ClCompile>
    <ClCompile Include="src\devices\deviceproperties.cpp">
      <Filter>Source Files</Filter>
    </ClCompile>
    <ClCompile Include="src\devices\devicestatefiltermodel.cpp">
      <Filter>Source Files</Filter>
    </ClCompile>
    <ClCompile Include="src\devices\deviceview.cpp">
      <Filter>Source Files</Filter>
    </ClCompile>
    <ClCompile Include="src\devices\deviceviewcontainer.cpp">
      <Filter>Source Files</Filter>
    </ClCompile>
    <ClCompile Include="src\devices\filesystemdevice.cpp">
      <Filter>Source Files</Filter>
    </ClCompile>
    <ClCompile Include="src\devices\giolister.cpp">
      <Filter>Source Files</Filter>
    </ClCompile>
    <ClCompile Include="src\devices\gpoddevice.cpp">
      <Filter>Source Files</Filter>
    </ClCompile>
    <ClCompile Include="src\devices\gpodloader.cpp">
      <Filter>Source Files</Filter>
    </ClCompile>
    <ClCompile Include="src\devices\mtpconnection.cpp">
      <Filter>Source Files</Filter>
    </ClCompile>
    <ClCompile Include="src\devices\mtpdevice.cpp">
      <Filter>Source Files</Filter>
    </ClCompile>
    <ClCompile Include="src\devices\mtploader.cpp">
      <Filter>Source Files</Filter>
    </ClCompile>
    <ClCompile Include="src\engines\devicefinder.cpp">
      <Filter>Source Files</Filter>
    </ClCompile>
    <ClCompile Include="src\engines\directsounddevicefinder.cpp">
      <Filter>Source Files</Filter>
    </ClCompile>
    <ClCompile Include="src\engines\enginebase.cpp">
      <Filter>Source Files</Filter>
    </ClCompile>
    <ClCompile Include="src\engines\gstelementdeleter.cpp">
      <Filter>Source Files</Filter>
    </ClCompile>
    <ClCompile Include="src\engines\gstengine.cpp">
      <Filter>Source Files</Filter>
    </ClCompile>
    <ClCompile Include="src\engines\gstenginepipeline.cpp">
      <Filter>Source Files</Filter>
    </ClCompile>
    <ClCompile Include="src\engines\osxdevicefinder.cpp">
      <Filter>Source Files</Filter>
    </ClCompile>
    <ClCompile Include="src\engines\pulsedevicefinder.cpp">
      <Filter>Source Files</Filter>
    </ClCompile>
    <ClCompile Include="src\globalsearch\digitallyimportedsearchprovider.cpp">
      <Filter>Source Files</Filter>
    </ClCompile>
    <ClCompile Include="src\globalsearch\globalsearch.cpp">
      <Filter>Source Files</Filter>
    </ClCompile>
    <ClCompile Include="src\globalsearch\globalsearchitemdelegate.cpp">
      <Filter>Source Files</Filter>
    </ClCompile>
    <ClCompile Include="src\globalsearch\globalsearchmodel.cpp">
      <Filter>Source Files</Filter>
    </ClCompile>
    <ClCompile Include="src\globalsearch\globalsearchsettingspage.cpp">
      <Filter>Source Files</Filter>
    </ClCompile>
    <ClCompile Include="src\globalsearch\globalsearchsortmodel.cpp">
      <Filter>Source Files</Filter>
    </ClCompile>
    <ClCompile Include="src\globalsearch\globalsearchview.cpp">
      <Filter>Source Files</Filter>
    </ClCompile>
    <ClCompile Include="src\globalsearch\icecastsearchprovider.cpp">
      <Filter>Source Files</Filter>
    </ClCompile>
    <ClCompile Include="src\globalsearch\librarysearchprovider.cpp">
      <Filter>Source Files</Filter>
    </ClCompile>
    <ClCompile Include="src\globalsearch\savedradiosearchprovider.cpp">
      <Filter>Source Files</Filter>
    </ClCompile>
    <ClCompile Include="src\globalsearch\searchprovider.cpp">
      <Filter>Source Files</Filter>
    </ClCompile>
    <ClCompile Include="src\globalsearch\searchproviderstatuswidget.cpp">
      <Filter>Source Files</Filter>
    </ClCompile>
    <ClCompile Include="src\globalsearch\simplesearchprovider.cpp">
      <Filter>Source Files</Filter>
    </ClCompile>
    <ClCompile Include="src\globalsearch\somafmsearchprovider.cpp">
      <Filter>Source Files</Filter>
    </ClCompile>
    <ClCompile Include="src\globalsearch\soundcloudsearchprovider.cpp">
      <Filter>Source Files</Filter>
    </ClCompile>
    <ClCompile Include="src\globalsearch\spotifysearchprovider.cpp">
      <Filter>Source Files</Filter>
    </ClCompile>
    <ClCompile Include="src\globalsearch\suggestionwidget.cpp">
      <Filter>Source Files</Filter>
    </ClCompile>
    <ClCompile Include="src\globalsearch\urlsearchprovider.cpp">
      <Filter>Source Files</Filter>
    </ClCompile>
    <ClCompile Include="src\globalsearch\vksearchprovider.cpp">
      <Filter>Source Files</Filter>
    </ClCompile>
    <ClCompile Include="src\internet\amazon\amazonclouddrive.cpp">
      <Filter>Source Files</Filter>
    </ClCompile>
    <ClCompile Include="src\internet\amazon\amazonsettingspage.cpp">
      <Filter>Source Files</Filter>
    </ClCompile>
    <ClCompile Include="src\internet\amazon\amazonurlhandler.cpp">
      <Filter>Source Files</Filter>
    </ClCompile>
    <ClCompile Include="src\internet\box\boxservice.cpp">
      <Filter>Source Files</Filter>
    </ClCompile>
    <ClCompile Include="src\internet\box\boxsettingspage.cpp">
      <Filter>Source Files</Filter>
    </ClCompile>
    <ClCompile Include="src\internet\box\boxurlhandler.cpp">
      <Filter>Source Files</Filter>
    </ClCompile>
    <ClCompile Include="src\internet\core\cloudfilesearchprovider.cpp">
      <Filter>Source Files</Filter>
    </ClCompile>
    <ClCompile Include="src\internet\core\cloudfileservice.cpp">
      <Filter>Source Files</Filter>
    </ClCompile>
    <ClCompile Include="src\internet\core\geolocator.cpp">
      <Filter>Source Files</Filter>
    </ClCompile>
    <ClCompile Include="src\internet\core\internetmodel.cpp">
      <Filter>Source Files</Filter>
    </ClCompile>
    <ClCompile Include="src\internet\core\internetplaylistitem.cpp">
      <Filter>Source Files</Filter>
    </ClCompile>
    <ClCompile Include="src\internet\core\internetservice.cpp">
      <Filter>Source Files</Filter>
    </ClCompile>
    <ClCompile Include="src\internet\core\internetshowsettingspage.cpp">
      <Filter>Source Files</Filter>
    </ClCompile>
    <ClCompile Include="src\internet\core\internetview.cpp">
      <Filter>Source Files</Filter>
    </ClCompile>
    <ClCompile Include="src\internet\core\internetviewcontainer.cpp">
      <Filter>Source Files</Filter>
    </ClCompile>
    <ClCompile Include="src\internet\core\localredirectserver.cpp">
      <Filter>Source Files</Filter>
    </ClCompile>
    <ClCompile Include="src\internet\core\oauthenticator.cpp">
      <Filter>Source Files</Filter>
    </ClCompile>
    <ClCompile Include="src\internet\core\searchboxwidget.cpp">
      <Filter>Source Files</Filter>
    </ClCompile>
    <ClCompile Include="src\internet\digitally\digitallyimportedclient.cpp">
      <Filter>Source Files</Filter>
    </ClCompile>
    <ClCompile Include="src\internet\digitally\digitallyimportedservicebase.cpp">
      <Filter>Source Files</Filter>
    </ClCompile>
    <ClCompile Include="src\internet\digitally\digitallyimportedsettingspage.cpp">
      <Filter>Source Files</Filter>
    </ClCompile>
    <ClCompile Include="src\internet\digitally\digitallyimportedurlhandler.cpp">
      <Filter>Source Files</Filter>
    </ClCompile>
    <ClCompile Include="src\internet\dropbox\dropboxservice.cpp">
      <Filter>Source Files</Filter>
    </ClCompile>
    <ClCompile Include="src\internet\dropbox\dropboxsettingspage.cpp">
      <Filter>Source Files</Filter>
    </ClCompile>
    <ClCompile Include="src\internet\dropbox\dropboxurlhandler.cpp">
      <Filter>Source Files</Filter>
    </ClCompile>
    <ClCompile Include="src\internet\googledrive\googledriveclient.cpp">
      <Filter>Source Files</Filter>
    </ClCompile>
    <ClCompile Include="src\internet\googledrive\googledriveservice.cpp">
      <Filter>Source Files</Filter>
    </ClCompile>
    <ClCompile Include="src\internet\googledrive\googledrivesettingspage.cpp">
      <Filter>Source Files</Filter>
    </ClCompile>
    <ClCompile Include="src\internet\googledrive\googledriveurlhandler.cpp">
      <Filter>Source Files</Filter>
    </ClCompile>
    <ClCompile Include="src\internet\icecast\icecastbackend.cpp">
      <Filter>Source Files</Filter>
    </ClCompile>
    <ClCompile Include="src\internet\icecast\icecastfilterwidget.cpp">
      <Filter>Source Files</Filter>
    </ClCompile>
    <ClCompile Include="src\internet\icecast\icecastmodel.cpp">
      <Filter>Source Files</Filter>
    </ClCompile>
    <ClCompile Include="src\internet\icecast\icecastservice.cpp">
      <Filter>Source Files</Filter>
    </ClCompile>
    <ClCompile Include="src\internet\internetradio\savedradio.cpp">
      <Filter>Source Files</Filter>
    </ClCompile>
    <ClCompile Include="src\internet\jamendo\jamendodynamicplaylist.cpp">
      <Filter>Source Files</Filter>
    </ClCompile>
    <ClCompile Include="src\internet\jamendo\jamendoplaylistitem.cpp">
      <Filter>Source Files</Filter>
    </ClCompile>
    <ClCompile Include="src\internet\jamendo\jamendoservice.cpp">
      <Filter>Source Files</Filter>
    </ClCompile>
    <ClCompile Include="src\internet\lastfm\fixlastfm.cpp">
      <Filter>Source Files</Filter>
    </ClCompile>
    <ClCompile Include="src\internet\lastfm\lastfmcompat.cpp">
      <Filter>Source Files</Filter>
    </ClCompile>
    <ClCompile Include="src\internet\lastfm\lastfmservice.cpp">
      <Filter>Source Files</Filter>
    </ClCompile>
    <ClCompile Include="src\internet\lastfm\lastfmsettingspage.cpp">
      <Filter>Source Files</Filter>
    </ClCompile>
    <ClCompile Include="src\internet\magnatune\magnatunedownloaddialog.cpp">
      <Filter>Source Files</Filter>
    </ClCompile>
    <ClCompile Include="src\internet\magnatune\magnatuneplaylistitem.cpp">
      <Filter>Source Files</Filter>
    </ClCompile>
    <ClCompile Include="src\internet\magnatune\magnatuneservice.cpp">
      <Filter>Source Files</Filter>
    </ClCompile>
    <ClCompile Include="src\internet\magnatune\magnatunesettingspage.cpp">
      <Filter>Source Files</Filter>
    </ClCompile>
    <ClCompile Include="src\internet\magnatune\magnatuneurlhandler.cpp">
      <Filter>Source Files</Filter>
    </ClCompile>
    <ClCompile Include="src\internet\podcasts\addpodcastbyurl.cpp">
      <Filter>Source Files</Filter>
    </ClCompile>
    <ClCompile Include="src\internet\podcasts\addpodcastdialog.cpp">
      <Filter>Source Files</Filter>
    </ClCompile>
    <ClCompile Include="src\internet\podcasts\addpodcastpage.cpp">
      <Filter>Source Files</Filter>
    </ClCompile>
    <ClCompile Include="src\internet\podcasts\fixedopmlpage.cpp">
      <Filter>Source Files</Filter>
    </ClCompile>
    <ClCompile Include="src\internet\podcasts\gpoddersearchpage.cpp">
      <Filter>Source Files</Filter>
    </ClCompile>
    <ClCompile Include="src\internet\podcasts\gpoddersync.cpp">
      <Filter>Source Files</Filter>
    </ClCompile>
    <ClCompile Include="src\internet\podcasts\gpoddertoptagsmodel.cpp">
      <Filter>Source Files</Filter>
    </ClCompile>
    <ClCompile Include="src\internet\podcasts\gpoddertoptagspage.cpp">
      <Filter>Source Files</Filter>
    </ClCompile>
    <ClCompile Include="src\internet\podcasts\itunessearchpage.cpp">
      <Filter>Source Files</Filter>
    </ClCompile>
    <ClCompile Include="src\internet\podcasts\podcast.cpp">
      <Filter>Source Files</Filter>
    </ClCompile>
    <ClCompile Include="src\internet\podcasts\podcastbackend.cpp">
      <Filter>Source Files</Filter>
    </ClCompile>
    <ClCompile Include="src\internet\podcasts\podcastdeleter.cpp">
      <Filter>Source Files</Filter>
    </ClCompile>
    <ClCompile Include="src\internet\podcasts\podcastdiscoverymodel.cpp">
      <Filter>Source Files</Filter>
    </ClCompile>
    <ClCompile Include="src\internet\podcasts\podcastdownloader.cpp">
      <Filter>Source Files</Filter>
    </ClCompile>
    <ClCompile Include="src\internet\podcasts\podcastepisode.cpp">
      <Filter>Source Files</Filter>
    </ClCompile>
    <ClCompile Include="src\internet\podcasts\podcastinfowidget.cpp">
      <Filter>Source Files</Filter>
    </ClCompile>
    <ClCompile Include="src\internet\podcasts\podcastparser.cpp">
      <Filter>Source Files</Filter>
    </ClCompile>
    <ClCompile Include="src\internet\podcasts\podcastservice.cpp">
      <Filter>Source Files</Filter>
    </ClCompile>
    <ClCompile Include="src\internet\podcasts\podcastservicemodel.cpp">
      <Filter>Source Files</Filter>
    </ClCompile>
    <ClCompile Include="src\internet\podcasts\podcastsettingspage.cpp">
      <Filter>Source Files</Filter>
    </ClCompile>
    <ClCompile Include="src\internet\podcasts\podcastupdater.cpp">
      <Filter>Source Files</Filter>
    </ClCompile>
    <ClCompile Include="src\internet\podcasts\podcasturlloader.cpp">
      <Filter>Source Files</Filter>
    </ClCompile>
    <ClCompile Include="src\internet\seafile\seafileservice.cpp">
      <Filter>Source Files</Filter>
    </ClCompile>
    <ClCompile Include="src\internet\seafile\seafilesettingspage.cpp">
      <Filter>Source Files</Filter>
    </ClCompile>
    <ClCompile Include="src\internet\seafile\seafiletree.cpp">
      <Filter>Source Files</Filter>
    </ClCompile>
    <ClCompile Include="src\internet\seafile\seafileurlhandler.cpp">
      <Filter>Source Files</Filter>
    </ClCompile>
    <ClCompile Include="src\internet\skydrive\skydriveservice.cpp">
      <Filter>Source Files</Filter>
    </ClCompile>
    <ClCompile Include="src\internet\skydrive\skydrivesettingspage.cpp">
      <Filter>Source Files</Filter>
    </ClCompile>
    <ClCompile Include="src\internet\skydrive\skydriveurlhandler.cpp">
      <Filter>Source Files</Filter>
    </ClCompile>
    <ClCompile Include="src\internet\somafm\somafmservice.cpp">
      <Filter>Source Files</Filter>
    </ClCompile>
    <ClCompile Include="src\internet\somafm\somafmurlhandler.cpp">
      <Filter>Source Files</Filter>
    </ClCompile>
    <ClCompile Include="src\internet\soundcloud\soundcloudservice.cpp">
      <Filter>Source Files</Filter>
    </ClCompile>
    <ClCompile Include="src\internet\soundcloud\soundcloudsettingspage.cpp">
      <Filter>Source Files</Filter>
    </ClCompile>
    <ClCompile Include="src\internet\spotify\spotifyblobdownloader.cpp">
      <Filter>Source Files</Filter>
    </ClCompile>
    <ClCompile Include="src\internet\spotify\spotifyserver.cpp">
      <Filter>Source Files</Filter>
    </ClCompile>
    <ClCompile Include="src\internet\spotify\spotifyservice.cpp">
      <Filter>Source Files</Filter>
    </ClCompile>
    <ClCompile Include="src\internet\spotify\spotifysettingspage.cpp">
      <Filter>Source Files</Filter>
    </ClCompile>
    <ClCompile Include="src\internet\subsonic\subsonicdynamicplaylist.cpp">
      <Filter>Source Files</Filter>
    </ClCompile>
    <ClCompile Include="src\internet\subsonic\subsonicservice.cpp">
      <Filter>Source Files</Filter>
    </ClCompile>
    <ClCompile Include="src\internet\subsonic\subsonicsettingspage.cpp">
      <Filter>Source Files</Filter>
    </ClCompile>
    <ClCompile Include="src\internet\subsonic\subsonicurlhandler.cpp">
      <Filter>Source Files</Filter>
    </ClCompile>
    <ClCompile Include="src\internet\vk\vkconnection.cpp">
      <Filter>Source Files</Filter>
    </ClCompile>
    <ClCompile Include="src\internet\vk\vkmusiccache.cpp">
      <Filter>Source Files</Filter>
    </ClCompile>
    <ClCompile Include="src\internet\vk\vksearchdialog.cpp">
      <Filter>Source Files</Filter>
    </ClCompile>
    <ClCompile Include="src\internet\vk\vkservice.cpp">
      <Filter>Source Files</Filter>
    </ClCompile>
    <ClCompile Include="src\internet\vk\vksettingspage.cpp">
      <Filter>Source Files</Filter>
    </ClCompile>
    <ClCompile Include="src\internet\vk\vkurlhandler.cpp">
      <Filter>Source Files</Filter>
    </ClCompile>
    <ClCompile Include="src\library\groupbydialog.cpp">
      <Filter>Source Files</Filter>
    </ClCompile>
    <ClCompile Include="src\library\library.cpp">
      <Filter>Source Files</Filter>
    </ClCompile>
    <ClCompile Include="src\library\librarybackend.cpp">
      <Filter>Source Files</Filter>
    </ClCompile>
    <ClCompile Include="src\library\librarydirectorymodel.cpp">
      <Filter>Source Files</Filter>
    </ClCompile>
    <ClCompile Include="src\library\libraryfilterwidget.cpp">
      <Filter>Source Files</Filter>
    </ClCompile>
    <ClCompile Include="src\library\librarymodel.cpp">
      <Filter>Source Files</Filter>
    </ClCompile>
    <ClCompile Include="src\library\libraryplaylistitem.cpp">
      <Filter>Source Files</Filter>
    </ClCompile>
    <ClCompile Include="src\library\libraryquery.cpp">
      <Filter>Source Files</Filter>
    </ClCompile>
    <ClCompile Include="src\library\librarysettingspage.cpp">
      <Filter>Source Files</Filter>
    </ClCompile>
    <ClCompile Include="src\library\libraryview.cpp">
      <Filter>Source Files</Filter>
    </ClCompile>
    <ClCompile Include="src\library\libraryviewcontainer.cpp">
      <Filter>Source Files</Filter>
    </ClCompile>
    <ClCompile Include="src\library\librarywatcher.cpp">
      <Filter>Source Files</Filter>
    </ClCompile>
    <ClCompile Include="src\library\savedgroupingmanager.cpp">
      <Filter>Source Files</Filter>
    </ClCompile>
    <ClCompile Include="src\library\sqlrow.cpp">
      <Filter>Source Files</Filter>
    </ClCompile>
    <ClCompile Include="src\main.cpp">
      <Filter>Source Files</Filter>
    </ClCompile>
    <ClCompile Include="src\moodbar\moodbarbuilder.cpp">
      <Filter>Source Files</Filter>
    </ClCompile>
    <ClCompile Include="src\moodbar\moodbarcontroller.cpp">
      <Filter>Source Files</Filter>
    </ClCompile>
    <ClCompile Include="src\moodbar\moodbaritemdelegate.cpp">
      <Filter>Source Files</Filter>
    </ClCompile>
    <ClCompile Include="src\moodbar\moodbarloader.cpp">
      <Filter>Source Files</Filter>
    </ClCompile>
    <ClCompile Include="src\moodbar\moodbarpipeline.cpp">
      <Filter>Source Files</Filter>
    </ClCompile>
    <ClCompile Include="src\moodbar\moodbarproxystyle.cpp">
      <Filter>Source Files</Filter>
    </ClCompile>
    <ClCompile Include="src\moodbar\moodbarrenderer.cpp">
      <Filter>Source Files</Filter>
    </ClCompile>
    <ClCompile Include="src\musicbrainz\acoustidclient.cpp">
      <Filter>Source Files</Filter>
    </ClCompile>
    <ClCompile Include="src\musicbrainz\chromaprinter.cpp">
      <Filter>Source Files</Filter>
    </ClCompile>
    <ClCompile Include="src\musicbrainz\musicbrainzclient.cpp">
      <Filter>Source Files</Filter>
    </ClCompile>
    <ClCompile Include="src\musicbrainz\tagfetcher.cpp">
      <Filter>Source Files</Filter>
    </ClCompile>
    <ClCompile Include="src\networkremote\avahi.cpp">
      <Filter>Source Files</Filter>
    </ClCompile>
    <ClCompile Include="src\networkremote\incomingdataparser.cpp">
      <Filter>Source Files</Filter>
    </ClCompile>
    <ClCompile Include="src\networkremote\networkremote.cpp">
      <Filter>Source Files</Filter>
    </ClCompile>
    <ClCompile Include="src\networkremote\networkremotehelper.cpp">
      <Filter>Source Files</Filter>
    </ClCompile>
    <ClCompile Include="src\networkremote\outgoingdatacreator.cpp">
      <Filter>Source Files</Filter>
    </ClCompile>
    <ClCompile Include="src\networkremote\remoteclient.cpp">
      <Filter>Source Files</Filter>
    </ClCompile>
    <ClCompile Include="src\networkremote\songsender.cpp">
      <Filter>Source Files</Filter>
    </ClCompile>
    <ClCompile Include="src\networkremote\tinysvcmdns.cpp">
      <Filter>Source Files</Filter>
    </ClCompile>
    <ClCompile Include="src\networkremote\zeroconf.cpp">
      <Filter>Source Files</Filter>
    </ClCompile>
    <ClCompile Include="src\playlist\dynamicplaylistcontrols.cpp">
      <Filter>Source Files</Filter>
    </ClCompile>
    <ClCompile Include="src\playlist\playlist.cpp">
      <Filter>Source Files</Filter>
    </ClCompile>
    <ClCompile Include="src\playlist\playlistbackend.cpp">
      <Filter>Source Files</Filter>
    </ClCompile>
    <ClCompile Include="src\playlist\playlistcontainer.cpp">
      <Filter>Source Files</Filter>
    </ClCompile>
    <ClCompile Include="src\playlist\playlistdelegates.cpp">
      <Filter>Source Files</Filter>
    </ClCompile>
    <ClCompile Include="src\playlist\playlistfilter.cpp">
      <Filter>Source Files</Filter>
    </ClCompile>
    <ClCompile Include="src\playlist\playlistfilterparser.cpp">
      <Filter>Source Files</Filter>
    </ClCompile>
    <ClCompile Include="src\playlist\playlistheader.cpp">
      <Filter>Source Files</Filter>
    </ClCompile>
    <ClCompile Include="src\playlist\playlistitem.cpp">
      <Filter>Source Files</Filter>
    </ClCompile>
    <ClCompile Include="src\playlist\playlistlistcontainer.cpp">
      <Filter>Source Files</Filter>
    </ClCompile>
    <ClCompile Include="src\playlist\playlistlistmodel.cpp">
      <Filter>Source Files</Filter>
    </ClCompile>
    <ClCompile Include="src\playlist\playlistlistview.cpp">
      <Filter>Source Files</Filter>
    </ClCompile>
    <ClCompile Include="src\playlist\playlistmanager.cpp">
      <Filter>Source Files</Filter>
    </ClCompile>
    <ClCompile Include="src\playlist\playlistsaveoptionsdialog.cpp">
      <Filter>Source Files</Filter>
    </ClCompile>
    <ClCompile Include="src\playlist\playlistsequence.cpp">
      <Filter>Source Files</Filter>
    </ClCompile>
    <ClCompile Include="src\playlist\playlisttabbar.cpp">
      <Filter>Source Files</Filter>
    </ClCompile>
    <ClCompile Include="src\playlist\playlistundocommands.cpp">
      <Filter>Source Files</Filter>
    </ClCompile>
    <ClCompile Include="src\playlist\playlistview.cpp">
      <Filter>Source Files</Filter>
    </ClCompile>
    <ClCompile Include="src\playlist\queue.cpp">
      <Filter>Source Files</Filter>
    </ClCompile>
    <ClCompile Include="src\playlist\queuemanager.cpp">
      <Filter>Source Files</Filter>
    </ClCompile>
    <ClCompile Include="src\playlist\songloaderinserter.cpp">
      <Filter>Source Files</Filter>
    </ClCompile>
    <ClCompile Include="src\playlist\songplaylistitem.cpp">
      <Filter>Source Files</Filter>
    </ClCompile>
    <ClCompile Include="src\playlistparsers\asxiniparser.cpp">
      <Filter>Source Files</Filter>
    </ClCompile>
    <ClCompile Include="src\playlistparsers\asxparser.cpp">
      <Filter>Source Files</Filter>
    </ClCompile>
    <ClCompile Include="src\playlistparsers\cueparser.cpp">
      <Filter>Source Files</Filter>
    </ClCompile>
    <ClCompile Include="src\playlistparsers\m3uparser.cpp">
      <Filter>Source Files</Filter>
    </ClCompile>
    <ClCompile Include="src\playlistparsers\parserbase.cpp">
      <Filter>Source Files</Filter>
    </ClCompile>
    <ClCompile Include="src\playlistparsers\playlistparser.cpp">
      <Filter>Source Files</Filter>
    </ClCompile>
    <ClCompile Include="src\playlistparsers\plsparser.cpp">
      <Filter>Source Files</Filter>
    </ClCompile>
    <ClCompile Include="src\playlistparsers\wplparser.cpp">
      <Filter>Source Files</Filter>
    </ClCompile>
    <ClCompile Include="src\playlistparsers\xmlparser.cpp">
      <Filter>Source Files</Filter>
    </ClCompile>
    <ClCompile Include="src\playlistparsers\xspfparser.cpp">
      <Filter>Source Files</Filter>
    </ClCompile>
    <ClCompile Include="src\ripper\ripcddialog.cpp">
      <Filter>Source Files</Filter>
    </ClCompile>
    <ClCompile Include="src\ripper\ripper.cpp">
      <Filter>Source Files</Filter>
    </ClCompile>
    <ClCompile Include="src\smartplaylists\generator.cpp">
      <Filter>Source Files</Filter>
    </ClCompile>
    <ClCompile Include="src\smartplaylists\generatorinserter.cpp">
      <Filter>Source Files</Filter>
    </ClCompile>
    <ClCompile Include="src\smartplaylists\querygenerator.cpp">
      <Filter>Source Files</Filter>
    </ClCompile>
    <ClCompile Include="src\smartplaylists\querywizardplugin.cpp">
      <Filter>Source Files</Filter>
    </ClCompile>
    <ClCompile Include="src\smartplaylists\search.cpp">
      <Filter>Source Files</Filter>
    </ClCompile>
    <ClCompile Include="src\smartplaylists\searchpreview.cpp">
      <Filter>Source Files</Filter>
    </ClCompile>
    <ClCompile Include="src\smartplaylists\searchterm.cpp">
      <Filter>Source Files</Filter>
    </ClCompile>
    <ClCompile Include="src\smartplaylists\searchtermwidget.cpp">
      <Filter>Source Files</Filter>
    </ClCompile>
    <ClCompile Include="src\smartplaylists\wizard.cpp">
      <Filter>Source Files</Filter>
    </ClCompile>
    <ClCompile Include="src\smartplaylists\wizardplugin.cpp">
      <Filter>Source Files</Filter>
    </ClCompile>
    <ClCompile Include="src\songinfo\artistinfoview.cpp">
      <Filter>Source Files</Filter>
    </ClCompile>
    <ClCompile Include="src\songinfo\collapsibleinfoheader.cpp">
      <Filter>Source Files</Filter>
    </ClCompile>
    <ClCompile Include="src\songinfo\collapsibleinfopane.cpp">
      <Filter>Source Files</Filter>
    </ClCompile>
    <ClCompile Include="src\songinfo\echonestbiographies.cpp">
      <Filter>Source Files</Filter>
    </ClCompile>
    <ClCompile Include="src\songinfo\echonestimages.cpp">
      <Filter>Source Files</Filter>
    </ClCompile>
    <ClCompile Include="src\songinfo\echonestsimilarartists.cpp">
      <Filter>Source Files</Filter>
    </ClCompile>
    <ClCompile Include="src\songinfo\echonesttags.cpp">
      <Filter>Source Files</Filter>
    </ClCompile>
    <ClCompile Include="src\songinfo\lastfmtrackinfoprovider.cpp">
      <Filter>Source Files</Filter>
    </ClCompile>
    <ClCompile Include="src\songinfo\songinfobase.cpp">
      <Filter>Source Files</Filter>
    </ClCompile>
    <ClCompile Include="src\songinfo\songinfofetcher.cpp">
      <Filter>Source Files</Filter>
    </ClCompile>
    <ClCompile Include="src\songinfo\songinfoprovider.cpp">
      <Filter>Source Files</Filter>
    </ClCompile>
    <ClCompile Include="src\songinfo\songinfosettingspage.cpp">
      <Filter>Source Files</Filter>
    </ClCompile>
    <ClCompile Include="src\songinfo\songinfotextview.cpp">
      <Filter>Source Files</Filter>
    </ClCompile>
    <ClCompile Include="src\songinfo\songinfoview.cpp">
      <Filter>Source Files</Filter>
    </ClCompile>
    <ClCompile Include="src\songinfo\songkickconcerts.cpp">
      <Filter>Source Files</Filter>
    </ClCompile>
    <ClCompile Include="src\songinfo\songkickconcertwidget.cpp">
      <Filter>Source Files</Filter>
    </ClCompile>
    <ClCompile Include="src\songinfo\songplaystats.cpp">
      <Filter>Source Files</Filter>
    </ClCompile>
    <ClCompile Include="src\songinfo\taglyricsinfoprovider.cpp">
      <Filter>Source Files</Filter>
    </ClCompile>
    <ClCompile Include="src\songinfo\tagwidget.cpp">
      <Filter>Source Files</Filter>
    </ClCompile>
    <ClCompile Include="src\songinfo\ultimatelyricslyric.cpp">
      <Filter>Source Files</Filter>
    </ClCompile>
    <ClCompile Include="src\songinfo\ultimatelyricsprovider.cpp">
      <Filter>Source Files</Filter>
    </ClCompile>
    <ClCompile Include="src\songinfo\ultimatelyricsreader.cpp">
      <Filter>Source Files</Filter>
    </ClCompile>
    <ClCompile Include="src\transcoder\transcodedialog.cpp">
      <Filter>Source Files</Filter>
    </ClCompile>
    <ClCompile Include="src\transcoder\transcoder.cpp">
      <Filter>Source Files</Filter>
    </ClCompile>
    <ClCompile Include="src\transcoder\transcoderoptionsaac.cpp">
      <Filter>Source Files</Filter>
    </ClCompile>
    <ClCompile Include="src\transcoder\transcoderoptionsdialog.cpp">
      <Filter>Source Files</Filter>
    </ClCompile>
    <ClCompile Include="src\transcoder\transcoderoptionsflac.cpp">
      <Filter>Source Files</Filter>
    </ClCompile>
    <ClCompile Include="src\transcoder\transcoderoptionsmp3.cpp">
      <Filter>Source Files</Filter>
    </ClCompile>
    <ClCompile Include="src\transcoder\transcoderoptionsopus.cpp">
      <Filter>Source Files</Filter>
    </ClCompile>
    <ClCompile Include="src\transcoder\transcoderoptionsspeex.cpp">
      <Filter>Source Files</Filter>
    </ClCompile>
    <ClCompile Include="src\transcoder\transcoderoptionsvorbis.cpp">
      <Filter>Source Files</Filter>
    </ClCompile>
    <ClCompile Include="src\transcoder\transcoderoptionswma.cpp">
      <Filter>Source Files</Filter>
    </ClCompile>
    <ClCompile Include="src\transcoder\transcodersettingspage.cpp">
      <Filter>Source Files</Filter>
    </ClCompile>
    <ClCompile Include="src\ui\about.cpp">
      <Filter>Source Files</Filter>
    </ClCompile>
    <ClCompile Include="src\ui\addstreamdialog.cpp">
      <Filter>Source Files</Filter>
    </ClCompile>
    <ClCompile Include="src\ui\albumcoverchoicecontroller.cpp">
      <Filter>Source Files</Filter>
    </ClCompile>
    <ClCompile Include="src\ui\albumcoverexport.cpp">
      <Filter>Source Files</Filter>
    </ClCompile>
    <ClCompile Include="src\ui\albumcovermanager.cpp">
      <Filter>Source Files</Filter>
    </ClCompile>
    <ClCompile Include="src\ui\albumcovermanagerlist.cpp">
      <Filter>Source Files</Filter>
    </ClCompile>
    <ClCompile Include="src\ui\albumcoversearcher.cpp">
      <Filter>Source Files</Filter>
    </ClCompile>
    <ClCompile Include="src\ui\appearancesettingspage.cpp">
      <Filter>Source Files</Filter>
    </ClCompile>
    <ClCompile Include="src\ui\backgroundstreamssettingspage.cpp">
      <Filter>Source Files</Filter>
    </ClCompile>
    <ClCompile Include="src\ui\behavioursettingspage.cpp">
      <Filter>Source Files</Filter>
    </ClCompile>
    <ClCompile Include="src\ui\console.cpp">
      <Filter>Source Files</Filter>
    </ClCompile>
    <ClCompile Include="src\ui\coverfromurldialog.cpp">
      <Filter>Source Files</Filter>
    </ClCompile>
    <ClCompile Include="src\ui\dbusscreensaver.cpp">
      <Filter>Source Files</Filter>
    </ClCompile>
    <ClCompile Include="src\ui\edittagdialog.cpp">
      <Filter>Source Files</Filter>
    </ClCompile>
    <ClCompile Include="src\ui\equalizer.cpp">
      <Filter>Source Files</Filter>
    </ClCompile>
    <ClCompile Include="src\ui\flowlayout.cpp">
      <Filter>Source Files</Filter>
    </ClCompile>
    <ClCompile Include="src\ui\globalshortcutgrabber.cpp">
      <Filter>Source Files</Filter>
    </ClCompile>
    <ClCompile Include="src\ui\globalshortcutssettingspage.cpp">
      <Filter>Source Files</Filter>
    </ClCompile>
    <ClCompile Include="src\ui\iconloader.cpp">
      <Filter>Source Files</Filter>
    </ClCompile>
    <ClCompile Include="src\ui\macscreensaver.cpp">
      <Filter>Source Files</Filter>
    </ClCompile>
    <ClCompile Include="src\ui\mainwindow.cpp">
      <Filter>Source Files</Filter>
    </ClCompile>
    <ClCompile Include="src\ui\networkproxysettingspage.cpp">
      <Filter>Source Files</Filter>
    </ClCompile>
    <ClCompile Include="src\ui\networkremotesettingspage.cpp">
      <Filter>Source Files</Filter>
    </ClCompile>
    <ClCompile Include="src\ui\notificationssettingspage.cpp">
      <Filter>Source Files</Filter>
    </ClCompile>
    <ClCompile Include="src\ui\organisedialog.cpp">
      <Filter>Source Files</Filter>
    </ClCompile>
    <ClCompile Include="src\ui\organiseerrordialog.cpp">
      <Filter>Source Files</Filter>
    </ClCompile>
    <ClCompile Include="src\ui\playbacksettingspage.cpp">
      <Filter>Source Files</Filter>
    </ClCompile>
    <ClCompile Include="src\ui\qtsystemtrayicon.cpp">
      <Filter>Source Files</Filter>
    </ClCompile>
    <ClCompile Include="src\ui\screensaver.cpp">
      <Filter>Source Files</Filter>
    </ClCompile>
    <ClCompile Include="src\ui\settingsdialog.cpp">
      <Filter>Source Files</Filter>
    </ClCompile>
    <ClCompile Include="src\ui\settingspage.cpp">
      <Filter>Source Files</Filter>
    </ClCompile>
    <ClCompile Include="src\ui\standarditemiconloader.cpp">
      <Filter>Source Files</Filter>
    </ClCompile>
    <ClCompile Include="src\ui\systemtrayicon.cpp">
      <Filter>Source Files</Filter>
    </ClCompile>
    <ClCompile Include="src\ui\trackselectiondialog.cpp">
      <Filter>Source Files</Filter>
    </ClCompile>
    <ClCompile Include="src\ui\windows7thumbbar.cpp">
      <Filter>Source Files</Filter>
    </ClCompile>
    <ClCompile Include="src\ui\windowsscreensaver.cpp">
      <Filter>Source Files</Filter>
    </ClCompile>
    <ClCompile Include="src\visualisations\projectmpresetmodel.cpp">
      <Filter>Source Files</Filter>
    </ClCompile>
    <ClCompile Include="src\visualisations\projectmvisualisation.cpp">
      <Filter>Source Files</Filter>
    </ClCompile>
    <ClCompile Include="src\visualisations\visualisationcontainer.cpp">
      <Filter>Source Files</Filter>
    </ClCompile>
    <ClCompile Include="src\visualisations\visualisationoverlay.cpp">
      <Filter>Source Files</Filter>
    </ClCompile>
    <ClCompile Include="src\visualisations\visualisationselector.cpp">
      <Filter>Source Files</Filter>
    </ClCompile>
    <ClCompile Include="src\widgets\autoexpandingtreeview.cpp">
      <Filter>Source Files</Filter>
    </ClCompile>
    <ClCompile Include="src\widgets\busyindicator.cpp">
      <Filter>Source Files</Filter>
    </ClCompile>
    <ClCompile Include="src\widgets\clickablelabel.cpp">
      <Filter>Source Files</Filter>
    </ClCompile>
    <ClCompile Include="src\widgets\didyoumean.cpp">
      <Filter>Source Files</Filter>
    </ClCompile>
    <ClCompile Include="src\widgets\elidedlabel.cpp">
      <Filter>Source Files</Filter>
    </ClCompile>
    <ClCompile Include="src\widgets\equalizerslider.cpp">
      <Filter>Source Files</Filter>
    </ClCompile>
    <ClCompile Include="src\widgets\errordialog.cpp">
      <Filter>Source Files</Filter>
    </ClCompile>
    <ClCompile Include="src\widgets\fancytabwidget.cpp">
      <Filter>Source Files</Filter>
    </ClCompile>
    <ClCompile Include="src\widgets\favoritewidget.cpp">
      <Filter>Source Files</Filter>
    </ClCompile>
    <ClCompile Include="src\widgets\fileview.cpp">
      <Filter>Source Files</Filter>
    </ClCompile>
    <ClCompile Include="src\widgets\fileviewlist.cpp">
      <Filter>Source Files</Filter>
    </ClCompile>
    <ClCompile Include="src\widgets\forcescrollperpixel.cpp">
      <Filter>Source Files</Filter>
    </ClCompile>
    <ClCompile Include="src\widgets\freespacebar.cpp">
      <Filter>Source Files</Filter>
    </ClCompile>
    <ClCompile Include="src\widgets\fullscreenhypnotoad.cpp">
      <Filter>Source Files</Filter>
    </ClCompile>
    <ClCompile Include="src\widgets\groupediconview.cpp">
      <Filter>Source Files</Filter>
    </ClCompile>
    <ClCompile Include="src\widgets\lineedit.cpp">
      <Filter>Source Files</Filter>
    </ClCompile>
    <ClCompile Include="src\widgets\linetextedit.cpp">
      <Filter>Source Files</Filter>
    </ClCompile>
    <ClCompile Include="src\widgets\loginstatewidget.cpp">
      <Filter>Source Files</Filter>
    </ClCompile>
    <ClCompile Include="src\widgets\multiloadingindicator.cpp">
      <Filter>Source Files</Filter>
    </ClCompile>
    <ClCompile Include="src\widgets\nowplayingwidget.cpp">
      <Filter>Source Files</Filter>
    </ClCompile>
    <ClCompile Include="src\widgets\osd.cpp">
      <Filter>Source Files</Filter>
    </ClCompile>
    <ClCompile Include="src\widgets\osdpretty.cpp">
      <Filter>Source Files</Filter>
    </ClCompile>
    <ClCompile Include="src\widgets\osd_win.cpp">
      <Filter>Source Files</Filter>
    </ClCompile>
    <ClCompile Include="src\widgets\osd_x11.cpp">
      <Filter>Source Files</Filter>
    </ClCompile>
    <ClCompile Include="src\widgets\prettyimage.cpp">
      <Filter>Source Files</Filter>
    </ClCompile>
    <ClCompile Include="src\widgets\prettyimageview.cpp">
      <Filter>Source Files</Filter>
    </ClCompile>
    <ClCompile Include="src\widgets\progressitemdelegate.cpp">
      <Filter>Source Files</Filter>
    </ClCompile>
    <ClCompile Include="src\widgets\ratingwidget.cpp">
      <Filter>Source Files</Filter>
    </ClCompile>
    <ClCompile Include="src\widgets\renametablineedit.cpp">
      <Filter>Source Files</Filter>
    </ClCompile>
    <ClCompile Include="src\widgets\sliderwidget.cpp">
      <Filter>Source Files</Filter>
    </ClCompile>
    <ClCompile Include="src\widgets\stickyslider.cpp">
      <Filter>Source Files</Filter>
    </ClCompile>
    <ClCompile Include="src\widgets\stretchheaderview.cpp">
      <Filter>Source Files</Filter>
    </ClCompile>
    <ClCompile Include="src\widgets\stylehelper.cpp">
      <Filter>Source Files</Filter>
    </ClCompile>
    <ClCompile Include="src\widgets\trackslider.cpp">
      <Filter>Source Files</Filter>
    </ClCompile>
    <ClCompile Include="src\widgets\tracksliderpopup.cpp">
      <Filter>Source Files</Filter>
    </ClCompile>
    <ClCompile Include="src\widgets\tracksliderslider.cpp">
      <Filter>Source Files</Filter>
    </ClCompile>
    <ClCompile Include="src\widgets\widgetfadehelper.cpp">
      <Filter>Source Files</Filter>
    </ClCompile>
    <ClCompile Include="src\wiimotedev\shortcuts.cpp">
      <Filter>Source Files</Filter>
    </ClCompile>
    <ClCompile Include="src\wiimotedev\wiimotesettingspage.cpp">
      <Filter>Source Files</Filter>
    </ClCompile>
    <ClCompile Include="src\wiimotedev\wiimoteshortcutgrabber.cpp">
      <Filter>Source Files</Filter>
    </ClCompile>
  </ItemGroup>
  <ItemGroup>
    <ClInclude Include="src\analyzers\analyzerbase.h">
      <Filter>Header Files</Filter>
    </ClInclude>
    <ClInclude Include="src\analyzers\analyzercontainer.h">
      <Filter>Header Files</Filter>
    </ClInclude>
    <ClInclude Include="src\analyzers\baranalyzer.h">
      <Filter>Header Files</Filter>
    </ClInclude>
    <ClInclude Include="src\analyzers\blockanalyzer.h">
      <Filter>Header Files</Filter>
    </ClInclude>
    <ClInclude Include="src\analyzers\boomanalyzer.h">
      <Filter>Header Files</Filter>
    </ClInclude>
    <ClInclude Include="src\analyzers\fht.h">
      <Filter>Header Files</Filter>
    </ClInclude>
    <ClInclude Include="src\analyzers\glanalyzer.h">
      <Filter>Header Files</Filter>
    </ClInclude>
    <ClInclude Include="src\analyzers\glanalyzer2.h">
      <Filter>Header Files</Filter>
    </ClInclude>
    <ClInclude Include="src\analyzers\glanalyzer3.h">
      <Filter>Header Files</Filter>
    </ClInclude>
    <ClInclude Include="src\analyzers\rainbowanalyzer.h">
      <Filter>Header Files</Filter>
    </ClInclude>
    <ClInclude Include="src\analyzers\sonogram.h">
      <Filter>Header Files</Filter>
    </ClInclude>
    <ClInclude Include="src\analyzers\turbine.h">
      <Filter>Header Files</Filter>
    </ClInclude>
    <ClInclude Include="src\core\appearance.h">
      <Filter>Header Files</Filter>
    </ClInclude>
    <ClInclude Include="src\core\application.h">
      <Filter>Header Files</Filter>
    </ClInclude>
    <ClInclude Include="src\core\backgroundstreams.h">
      <Filter>Header Files</Filter>
    </ClInclude>
    <ClInclude Include="src\core\cachedlist.h">
      <Filter>Header Files</Filter>
    </ClInclude>
    <ClInclude Include="src\core\commandlineoptions.h">
      <Filter>Header Files</Filter>
    </ClInclude>
    <ClInclude Include="src\core\crashreporting.h">
      <Filter>Header Files</Filter>
    </ClInclude>
    <ClInclude Include="src\core\database.h">
      <Filter>Header Files</Filter>
    </ClInclude>
    <ClInclude Include="src\core\deletefiles.h">
      <Filter>Header Files</Filter>
    </ClInclude>
    <ClInclude Include="src\core\filesystemmusicstorage.h">
      <Filter>Header Files</Filter>
    </ClInclude>
    <ClInclude Include="src\core\filesystemwatcherinterface.h">
      <Filter>Header Files</Filter>
    </ClInclude>
    <ClInclude Include="src\core\globalshortcutbackend.h">
      <Filter>Header Files</Filter>
    </ClInclude>
    <ClInclude Include="src\core\globalshortcuts.h">
      <Filter>Header Files</Filter>
    </ClInclude>
    <ClInclude Include="src\core\gnomeglobalshortcutbackend.h">
      <Filter>Header Files</Filter>
    </ClInclude>
    <ClInclude Include="src\core\macfslistener.h">
      <Filter>Header Files</Filter>
    </ClInclude>
    <ClInclude Include="src\core\macglobalshortcutbackend.h">
      <Filter>Header Files</Filter>
    </ClInclude>
    <ClInclude Include="src\core\mac_delegate.h">
      <Filter>Header Files</Filter>
    </ClInclude>
    <ClInclude Include="src\core\mac_startup.h">
      <Filter>Header Files</Filter>
    </ClInclude>
    <ClInclude Include="src\core\mac_utilities.h">
      <Filter>Header Files</Filter>
    </ClInclude>
    <ClInclude Include="src\core\mergedproxymodel.h">
      <Filter>Header Files</Filter>
    </ClInclude>
    <ClInclude Include="src\core\metatypes.h">
      <Filter>Header Files</Filter>
    </ClInclude>
    <ClInclude Include="src\core\mimedata.h">
      <Filter>Header Files</Filter>
    </ClInclude>
    <ClInclude Include="src\core\mpris.h">
      <Filter>Header Files</Filter>
    </ClInclude>
    <ClInclude Include="src\core\mpris1.h">
      <Filter>Header Files</Filter>
    </ClInclude>
    <ClInclude Include="src\core\mpris2.h">
      <Filter>Header Files</Filter>
    </ClInclude>
    <ClInclude Include="src\core\mpris_common.h">
      <Filter>Header Files</Filter>
    </ClInclude>
    <ClInclude Include="src\core\multisortfilterproxy.h">
      <Filter>Header Files</Filter>
    </ClInclude>
    <ClInclude Include="src\core\musicstorage.h">
      <Filter>Header Files</Filter>
    </ClInclude>
    <ClInclude Include="src\core\network.h">
      <Filter>Header Files</Filter>
    </ClInclude>
    <ClInclude Include="src\core\networkproxyfactory.h">
      <Filter>Header Files</Filter>
    </ClInclude>
    <ClInclude Include="src\core\organise.h">
      <Filter>Header Files</Filter>
    </ClInclude>
    <ClInclude Include="src\core\organiseformat.h">
      <Filter>Header Files</Filter>
    </ClInclude>
    <ClInclude Include="src\core\player.h">
      <Filter>Header Files</Filter>
    </ClInclude>
    <ClInclude Include="src\core\potranslator.h">
      <Filter>Header Files</Filter>
    </ClInclude>
    <ClInclude Include="src\core\qhash_qurl.h">
      <Filter>Header Files</Filter>
    </ClInclude>
    <ClInclude Include="src\core\qtfslistener.h">
      <Filter>Header Files</Filter>
    </ClInclude>
    <ClInclude Include="src\core\qxtglobalshortcutbackend.h">
      <Filter>Header Files</Filter>
    </ClInclude>
    <ClInclude Include="src\core\scopedgobject.h">
      <Filter>Header Files</Filter>
    </ClInclude>
    <ClInclude Include="src\core\scopedtransaction.h">
      <Filter>Header Files</Filter>
    </ClInclude>
    <ClInclude Include="src\core\scoped_cftyperef.h">
      <Filter>Header Files</Filter>
    </ClInclude>
    <ClInclude Include="src\core\scoped_nsobject.h">
      <Filter>Header Files</Filter>
    </ClInclude>
    <ClInclude Include="src\core\settingsprovider.h">
      <Filter>Header Files</Filter>
    </ClInclude>
    <ClInclude Include="src\core\signalchecker.h">
      <Filter>Header Files</Filter>
    </ClInclude>
    <ClInclude Include="src\core\simpletreeitem.h">
      <Filter>Header Files</Filter>
    </ClInclude>
    <ClInclude Include="src\core\simpletreemodel.h">
      <Filter>Header Files</Filter>
    </ClInclude>
    <ClInclude Include="src\core\song.h">
      <Filter>Header Files</Filter>
    </ClInclude>
    <ClInclude Include="src\core\songloader.h">
      <Filter>Header Files</Filter>
    </ClInclude>
    <ClInclude Include="src\core\stylesheetloader.h">
      <Filter>Header Files</Filter>
    </ClInclude>
    <ClInclude Include="src\core\tagreaderclient.h">
      <Filter>Header Files</Filter>
    </ClInclude>
    <ClInclude Include="src\core\taskmanager.h">
      <Filter>Header Files</Filter>
    </ClInclude>
    <ClInclude Include="src\core\thread.h">
      <Filter>Header Files</Filter>
    </ClInclude>
    <ClInclude Include="src\core\timeconstants.h">
      <Filter>Header Files</Filter>
    </ClInclude>
    <ClInclude Include="src\core\ubuntuunityhack.h">
      <Filter>Header Files</Filter>
    </ClInclude>
    <ClInclude Include="src\core\urlhandler.h">
      <Filter>Header Files</Filter>
    </ClInclude>
    <ClInclude Include="src\core\utilities.h">
      <Filter>Header Files</Filter>
    </ClInclude>
    <ClInclude Include="src\covers\albumcoverexporter.h">
      <Filter>Header Files</Filter>
    </ClInclude>
    <ClInclude Include="src\covers\albumcoverfetcher.h">
      <Filter>Header Files</Filter>
    </ClInclude>
    <ClInclude Include="src\covers\albumcoverfetchersearch.h">
      <Filter>Header Files</Filter>
    </ClInclude>
    <ClInclude Include="src\covers\albumcoverloader.h">
      <Filter>Header Files</Filter>
    </ClInclude>
    <ClInclude Include="src\covers\albumcoverloaderoptions.h">
      <Filter>Header Files</Filter>
    </ClInclude>
    <ClInclude Include="src\covers\amazoncoverprovider.h">
      <Filter>Header Files</Filter>
    </ClInclude>
    <ClInclude Include="src\covers\coverexportrunnable.h">
      <Filter>Header Files</Filter>
    </ClInclude>
    <ClInclude Include="src\covers\coverprovider.h">
      <Filter>Header Files</Filter>
    </ClInclude>
    <ClInclude Include="src\covers\coverproviders.h">
      <Filter>Header Files</Filter>
    </ClInclude>
    <ClInclude Include="src\covers\coversearchstatistics.h">
      <Filter>Header Files</Filter>
    </ClInclude>
    <ClInclude Include="src\covers\coversearchstatisticsdialog.h">
      <Filter>Header Files</Filter>
    </ClInclude>
    <ClInclude Include="src\covers\currentartloader.h">
      <Filter>Header Files</Filter>
    </ClInclude>
    <ClInclude Include="src\covers\kittenloader.h">
      <Filter>Header Files</Filter>
    </ClInclude>
    <ClInclude Include="src\covers\lastfmcoverprovider.h">
      <Filter>Header Files</Filter>
    </ClInclude>
    <ClInclude Include="src\covers\musicbrainzcoverprovider.h">
      <Filter>Header Files</Filter>
    </ClInclude>
    <ClInclude Include="src\dbus\metatypes.h">
      <Filter>Header Files</Filter>
    </ClInclude>
    <ClInclude Include="src\devices\cddadevice.h">
      <Filter>Header Files</Filter>
    </ClInclude>
    <ClInclude Include="src\devices\cddalister.h">
      <Filter>Header Files</Filter>
    </ClInclude>
    <ClInclude Include="src\devices\cddasongloader.h">
      <Filter>Header Files</Filter>
    </ClInclude>
    <ClInclude Include="src\devices\connecteddevice.h">
      <Filter>Header Files</Filter>
    </ClInclude>
    <ClInclude Include="src\devices\devicedatabasebackend.h">
      <Filter>Header Files</Filter>
    </ClInclude>
    <ClInclude Include="src\devices\devicekitlister.h">
      <Filter>Header Files</Filter>
    </ClInclude>
    <ClInclude Include="src\devices\devicelister.h">
      <Filter>Header Files</Filter>
    </ClInclude>
    <ClInclude Include="src\devices\devicemanager.h">
      <Filter>Header Files</Filter>
    </ClInclude>
    <ClInclude Include="src\devices\deviceproperties.h">
      <Filter>Header Files</Filter>
    </ClInclude>
    <ClInclude Include="src\devices\devicestatefiltermodel.h">
      <Filter>Header Files</Filter>
    </ClInclude>
    <ClInclude Include="src\devices\deviceview.h">
      <Filter>Header Files</Filter>
    </ClInclude>
    <ClInclude Include="src\devices\deviceviewcontainer.h">
      <Filter>Header Files</Filter>
    </ClInclude>
    <ClInclude Include="src\devices\filesystemdevice.h">
      <Filter>Header Files</Filter>
    </ClInclude>
    <ClInclude Include="src\devices\giolister.h">
      <Filter>Header Files</Filter>
    </ClInclude>
    <ClInclude Include="src\devices\gpoddevice.h">
      <Filter>Header Files</Filter>
    </ClInclude>
    <ClInclude Include="src\devices\gpodloader.h">
      <Filter>Header Files</Filter>
    </ClInclude>
    <ClInclude Include="src\devices\macdevicelister.h">
      <Filter>Header Files</Filter>
    </ClInclude>
    <ClInclude Include="src\devices\mtpconnection.h">
      <Filter>Header Files</Filter>
    </ClInclude>
    <ClInclude Include="src\devices\mtpdevice.h">
      <Filter>Header Files</Filter>
    </ClInclude>
    <ClInclude Include="src\devices\mtploader.h">
      <Filter>Header Files</Filter>
    </ClInclude>
    <ClInclude Include="src\engines\bufferconsumer.h">
      <Filter>Header Files</Filter>
    </ClInclude>
    <ClInclude Include="src\engines\devicefinder.h">
      <Filter>Header Files</Filter>
    </ClInclude>
    <ClInclude Include="src\engines\directsounddevicefinder.h">
      <Filter>Header Files</Filter>
    </ClInclude>
    <ClInclude Include="src\engines\enginebase.h">
      <Filter>Header Files</Filter>
    </ClInclude>
    <ClInclude Include="src\engines\engine_fwd.h">
      <Filter>Header Files</Filter>
    </ClInclude>
    <ClInclude Include="src\engines\gstelementdeleter.h">
      <Filter>Header Files</Filter>
    </ClInclude>
    <ClInclude Include="src\engines\gstengine.h">
      <Filter>Header Files</Filter>
    </ClInclude>
    <ClInclude Include="src\engines\gstenginepipeline.h">
      <Filter>Header Files</Filter>
    </ClInclude>
    <ClInclude Include="src\engines\osxdevicefinder.h">
      <Filter>Header Files</Filter>
    </ClInclude>
    <ClInclude Include="src\engines\pulsedevicefinder.h">
      <Filter>Header Files</Filter>
    </ClInclude>
    <ClInclude Include="src\globalsearch\digitallyimportedsearchprovider.h">
      <Filter>Header Files</Filter>
    </ClInclude>
    <ClInclude Include="src\globalsearch\globalsearch.h">
      <Filter>Header Files</Filter>
    </ClInclude>
    <ClInclude Include="src\globalsearch\globalsearchitemdelegate.h">
      <Filter>Header Files</Filter>
    </ClInclude>
    <ClInclude Include="src\globalsearch\globalsearchmodel.h">
      <Filter>Header Files</Filter>
    </ClInclude>
    <ClInclude Include="src\globalsearch\globalsearchsettingspage.h">
      <Filter>Header Files</Filter>
    </ClInclude>
    <ClInclude Include="src\globalsearch\globalsearchsortmodel.h">
      <Filter>Header Files</Filter>
    </ClInclude>
    <ClInclude Include="src\globalsearch\globalsearchview.h">
      <Filter>Header Files</Filter>
    </ClInclude>
    <ClInclude Include="src\globalsearch\icecastsearchprovider.h">
      <Filter>Header Files</Filter>
    </ClInclude>
    <ClInclude Include="src\globalsearch\librarysearchprovider.h">
      <Filter>Header Files</Filter>
    </ClInclude>
    <ClInclude Include="src\globalsearch\savedradiosearchprovider.h">
      <Filter>Header Files</Filter>
    </ClInclude>
    <ClInclude Include="src\globalsearch\searchprovider.h">
      <Filter>Header Files</Filter>
    </ClInclude>
    <ClInclude Include="src\globalsearch\searchproviderstatuswidget.h">
      <Filter>Header Files</Filter>
    </ClInclude>
    <ClInclude Include="src\globalsearch\simplesearchprovider.h">
      <Filter>Header Files</Filter>
    </ClInclude>
    <ClInclude Include="src\globalsearch\somafmsearchprovider.h">
      <Filter>Header Files</Filter>
    </ClInclude>
    <ClInclude Include="src\globalsearch\soundcloudsearchprovider.h">
      <Filter>Header Files</Filter>
    </ClInclude>
    <ClInclude Include="src\globalsearch\spotifysearchprovider.h">
      <Filter>Header Files</Filter>
    </ClInclude>
    <ClInclude Include="src\globalsearch\suggestionwidget.h">
      <Filter>Header Files</Filter>
    </ClInclude>
    <ClInclude Include="src\globalsearch\urlsearchprovider.h">
      <Filter>Header Files</Filter>
    </ClInclude>
    <ClInclude Include="src\globalsearch\vksearchprovider.h">
      <Filter>Header Files</Filter>
    </ClInclude>
    <ClInclude Include="src\internet\amazon\amazonclouddrive.h">
      <Filter>Header Files</Filter>
    </ClInclude>
    <ClInclude Include="src\internet\amazon\amazonsettingspage.h">
      <Filter>Header Files</Filter>
    </ClInclude>
    <ClInclude Include="src\internet\amazon\amazonurlhandler.h">
      <Filter>Header Files</Filter>
    </ClInclude>
    <ClInclude Include="src\internet\box\boxservice.h">
      <Filter>Header Files</Filter>
    </ClInclude>
    <ClInclude Include="src\internet\box\boxsettingspage.h">
      <Filter>Header Files</Filter>
    </ClInclude>
    <ClInclude Include="src\internet\box\boxurlhandler.h">
      <Filter>Header Files</Filter>
    </ClInclude>
    <ClInclude Include="src\internet\core\cloudfilesearchprovider.h">
      <Filter>Header Files</Filter>
    </ClInclude>
    <ClInclude Include="src\internet\core\cloudfileservice.h">
      <Filter>Header Files</Filter>
    </ClInclude>
    <ClInclude Include="src\internet\core\geolocator.h">
      <Filter>Header Files</Filter>
    </ClInclude>
    <ClInclude Include="src\internet\core\internetmimedata.h">
      <Filter>Header Files</Filter>
    </ClInclude>
    <ClInclude Include="src\internet\core\internetmodel.h">
      <Filter>Header Files</Filter>
    </ClInclude>
    <ClInclude Include="src\internet\core\internetplaylistitem.h">
      <Filter>Header Files</Filter>
    </ClInclude>
    <ClInclude Include="src\internet\core\internetservice.h">
      <Filter>Header Files</Filter>
    </ClInclude>
    <ClInclude Include="src\internet\core\internetshowsettingspage.h">
      <Filter>Header Files</Filter>
    </ClInclude>
    <ClInclude Include="src\internet\core\internetsongmimedata.h">
      <Filter>Header Files</Filter>
    </ClInclude>
    <ClInclude Include="src\internet\core\internetview.h">
      <Filter>Header Files</Filter>
    </ClInclude>
    <ClInclude Include="src\internet\core\internetviewcontainer.h">
      <Filter>Header Files</Filter>
    </ClInclude>
    <ClInclude Include="src\internet\core\localredirectserver.h">
      <Filter>Header Files</Filter>
    </ClInclude>
    <ClInclude Include="src\internet\core\oauthenticator.h">
      <Filter>Header Files</Filter>
    </ClInclude>
    <ClInclude Include="src\internet\core\scrobbler.h">
      <Filter>Header Files</Filter>
    </ClInclude>
    <ClInclude Include="src\internet\core\searchboxwidget.h">
      <Filter>Header Files</Filter>
    </ClInclude>
    <ClInclude Include="src\internet\digitally\digitallyimportedclient.h">
      <Filter>Header Files</Filter>
    </ClInclude>
    <ClInclude Include="src\internet\digitally\digitallyimportedservicebase.h">
      <Filter>Header Files</Filter>
    </ClInclude>
    <ClInclude Include="src\internet\digitally\digitallyimportedsettingspage.h">
      <Filter>Header Files</Filter>
    </ClInclude>
    <ClInclude Include="src\internet\digitally\digitallyimportedurlhandler.h">
      <Filter>Header Files</Filter>
    </ClInclude>
    <ClInclude Include="src\internet\dropbox\dropboxservice.h">
      <Filter>Header Files</Filter>
    </ClInclude>
    <ClInclude Include="src\internet\dropbox\dropboxsettingspage.h">
      <Filter>Header Files</Filter>
    </ClInclude>
    <ClInclude Include="src\internet\dropbox\dropboxurlhandler.h">
      <Filter>Header Files</Filter>
    </ClInclude>
    <ClInclude Include="src\internet\googledrive\googledriveclient.h">
      <Filter>Header Files</Filter>
    </ClInclude>
    <ClInclude Include="src\internet\googledrive\googledriveservice.h">
      <Filter>Header Files</Filter>
    </ClInclude>
    <ClInclude Include="src\internet\googledrive\googledrivesettingspage.h">
      <Filter>Header Files</Filter>
    </ClInclude>
    <ClInclude Include="src\internet\googledrive\googledriveurlhandler.h">
      <Filter>Header Files</Filter>
    </ClInclude>
    <ClInclude Include="src\internet\icecast\icecastbackend.h">
      <Filter>Header Files</Filter>
    </ClInclude>
    <ClInclude Include="src\internet\icecast\icecastfilterwidget.h">
      <Filter>Header Files</Filter>
    </ClInclude>
    <ClInclude Include="src\internet\icecast\icecastitem.h">
      <Filter>Header Files</Filter>
    </ClInclude>
    <ClInclude Include="src\internet\icecast\icecastmodel.h">
      <Filter>Header Files</Filter>
    </ClInclude>
    <ClInclude Include="src\internet\icecast\icecastservice.h">
      <Filter>Header Files</Filter>
    </ClInclude>
    <ClInclude Include="src\internet\internetradio\savedradio.h">
      <Filter>Header Files</Filter>
    </ClInclude>
    <ClInclude Include="src\internet\jamendo\jamendodynamicplaylist.h">
      <Filter>Header Files</Filter>
    </ClInclude>
    <ClInclude Include="src\internet\jamendo\jamendoplaylistitem.h">
      <Filter>Header Files</Filter>
    </ClInclude>
    <ClInclude Include="src\internet\jamendo\jamendoservice.h">
      <Filter>Header Files</Filter>
    </ClInclude>
    <ClInclude Include="src\internet\lastfm\fixlastfm.h">
      <Filter>Header Files</Filter>
    </ClInclude>
    <ClInclude Include="src\internet\lastfm\lastfmcompat.h">
      <Filter>Header Files</Filter>
    </ClInclude>
    <ClInclude Include="src\internet\lastfm\lastfmservice.h">
      <Filter>Header Files</Filter>
    </ClInclude>
    <ClInclude Include="src\internet\lastfm\lastfmsettingspage.h">
      <Filter>Header Files</Filter>
    </ClInclude>
    <ClInclude Include="src\internet\lastfm\lastfmurlhandler.h">
      <Filter>Header Files</Filter>
    </ClInclude>
    <ClInclude Include="src\internet\magnatune\magnatunedownloaddialog.h">
      <Filter>Header Files</Filter>
    </ClInclude>
    <ClInclude Include="src\internet\magnatune\magnatuneplaylistitem.h">
      <Filter>Header Files</Filter>
    </ClInclude>
    <ClInclude Include="src\internet\magnatune\magnatuneservice.h">
      <Filter>Header Files</Filter>
    </ClInclude>
    <ClInclude Include="src\internet\magnatune\magnatunesettingspage.h">
      <Filter>Header Files</Filter>
    </ClInclude>
    <ClInclude Include="src\internet\magnatune\magnatuneurlhandler.h">
      <Filter>Header Files</Filter>
    </ClInclude>
    <ClInclude Include="src\internet\podcasts\addpodcastbyurl.h">
      <Filter>Header Files</Filter>
    </ClInclude>
    <ClInclude Include="src\internet\podcasts\addpodcastdialog.h">
      <Filter>Header Files</Filter>
    </ClInclude>
    <ClInclude Include="src\internet\podcasts\addpodcastpage.h">
      <Filter>Header Files</Filter>
    </ClInclude>
    <ClInclude Include="src\internet\podcasts\fixedopmlpage.h">
      <Filter>Header Files</Filter>
    </ClInclude>
    <ClInclude Include="src\internet\podcasts\gpoddersearchpage.h">
      <Filter>Header Files</Filter>
    </ClInclude>
    <ClInclude Include="src\internet\podcasts\gpoddersync.h">
      <Filter>Header Files</Filter>
    </ClInclude>
    <ClInclude Include="src\internet\podcasts\gpoddertoptagsmodel.h">
      <Filter>Header Files</Filter>
    </ClInclude>
    <ClInclude Include="src\internet\podcasts\gpoddertoptagspage.h">
      <Filter>Header Files</Filter>
    </ClInclude>
    <ClInclude Include="src\internet\podcasts\itunessearchpage.h">
      <Filter>Header Files</Filter>
    </ClInclude>
    <ClInclude Include="src\internet\podcasts\opmlcontainer.h">
      <Filter>Header Files</Filter>
    </ClInclude>
    <ClInclude Include="src\internet\podcasts\podcast.h">
      <Filter>Header Files</Filter>
    </ClInclude>
    <ClInclude Include="src\internet\podcasts\podcastbackend.h">
      <Filter>Header Files</Filter>
    </ClInclude>
    <ClInclude Include="src\internet\podcasts\podcastdeleter.h">
      <Filter>Header Files</Filter>
    </ClInclude>
    <ClInclude Include="src\internet\podcasts\podcastdiscoverymodel.h">
      <Filter>Header Files</Filter>
    </ClInclude>
    <ClInclude Include="src\internet\podcasts\podcastdownloader.h">
      <Filter>Header Files</Filter>
    </ClInclude>
    <ClInclude Include="src\internet\podcasts\podcastepisode.h">
      <Filter>Header Files</Filter>
    </ClInclude>
    <ClInclude Include="src\internet\podcasts\podcastinfowidget.h">
      <Filter>Header Files</Filter>
    </ClInclude>
    <ClInclude Include="src\internet\podcasts\podcastparser.h">
      <Filter>Header Files</Filter>
    </ClInclude>
    <ClInclude Include="src\internet\podcasts\podcastservice.h">
      <Filter>Header Files</Filter>
    </ClInclude>
    <ClInclude Include="src\internet\podcasts\podcastservicemodel.h">
      <Filter>Header Files</Filter>
    </ClInclude>
    <ClInclude Include="src\internet\podcasts\podcastsettingspage.h">
      <Filter>Header Files</Filter>
    </ClInclude>
    <ClInclude Include="src\internet\podcasts\podcastupdater.h">
      <Filter>Header Files</Filter>
    </ClInclude>
    <ClInclude Include="src\internet\podcasts\podcasturlloader.h">
      <Filter>Header Files</Filter>
    </ClInclude>
    <ClInclude Include="src\internet\seafile\seafileservice.h">
      <Filter>Header Files</Filter>
    </ClInclude>
    <ClInclude Include="src\internet\seafile\seafilesettingspage.h">
      <Filter>Header Files</Filter>
    </ClInclude>
    <ClInclude Include="src\internet\seafile\seafiletree.h">
      <Filter>Header Files</Filter>
    </ClInclude>
    <ClInclude Include="src\internet\seafile\seafileurlhandler.h">
      <Filter>Header Files</Filter>
    </ClInclude>
    <ClInclude Include="src\internet\skydrive\skydriveservice.h">
      <Filter>Header Files</Filter>
    </ClInclude>
    <ClInclude Include="src\internet\skydrive\skydrivesettingspage.h">
      <Filter>Header Files</Filter>
    </ClInclude>
    <ClInclude Include="src\internet\skydrive\skydriveurlhandler.h">
      <Filter>Header Files</Filter>
    </ClInclude>
    <ClInclude Include="src\internet\somafm\somafmservice.h">
      <Filter>Header Files</Filter>
    </ClInclude>
    <ClInclude Include="src\internet\somafm\somafmurlhandler.h">
      <Filter>Header Files</Filter>
    </ClInclude>
    <ClInclude Include="src\internet\soundcloud\soundcloudservice.h">
      <Filter>Header Files</Filter>
    </ClInclude>
    <ClInclude Include="src\internet\soundcloud\soundcloudsettingspage.h">
      <Filter>Header Files</Filter>
    </ClInclude>
    <ClInclude Include="src\internet\spotify\spotifyblobdownloader.h">
      <Filter>Header Files</Filter>
    </ClInclude>
    <ClInclude Include="src\internet\spotify\spotifyserver.h">
      <Filter>Header Files</Filter>
    </ClInclude>
    <ClInclude Include="src\internet\spotify\spotifyservice.h">
      <Filter>Header Files</Filter>
    </ClInclude>
    <ClInclude Include="src\internet\spotify\spotifysettingspage.h">
      <Filter>Header Files</Filter>
    </ClInclude>
    <ClInclude Include="src\internet\subsonic\subsonicdynamicplaylist.h">
      <Filter>Header Files</Filter>
    </ClInclude>
    <ClInclude Include="src\internet\subsonic\subsonicservice.h">
      <Filter>Header Files</Filter>
    </ClInclude>
    <ClInclude Include="src\internet\subsonic\subsonicsettingspage.h">
      <Filter>Header Files</Filter>
    </ClInclude>
    <ClInclude Include="src\internet\subsonic\subsonicurlhandler.h">
      <Filter>Header Files</Filter>
    </ClInclude>
    <ClInclude Include="src\internet\vk\vkconnection.h">
      <Filter>Header Files</Filter>
    </ClInclude>
    <ClInclude Include="src\internet\vk\vkmusiccache.h">
      <Filter>Header Files</Filter>
    </ClInclude>
    <ClInclude Include="src\internet\vk\vksearchdialog.h">
      <Filter>Header Files</Filter>
    </ClInclude>
    <ClInclude Include="src\internet\vk\vkservice.h">
      <Filter>Header Files</Filter>
    </ClInclude>
    <ClInclude Include="src\internet\vk\vksettingspage.h">
      <Filter>Header Files</Filter>
    </ClInclude>
    <ClInclude Include="src\internet\vk\vkurlhandler.h">
      <Filter>Header Files</Filter>
    </ClInclude>
    <ClInclude Include="src\library\directory.h">
      <Filter>Header Files</Filter>
    </ClInclude>
    <ClInclude Include="src\library\groupbydialog.h">
      <Filter>Header Files</Filter>
    </ClInclude>
    <ClInclude Include="src\library\library.h">
      <Filter>Header Files</Filter>
    </ClInclude>
    <ClInclude Include="src\library\librarybackend.h">
      <Filter>Header Files</Filter>
    </ClInclude>
    <ClInclude Include="src\library\librarydirectorymodel.h">
      <Filter>Header Files</Filter>
    </ClInclude>
    <ClInclude Include="src\library\libraryfilterwidget.h">
      <Filter>Header Files</Filter>
    </ClInclude>
    <ClInclude Include="src\library\libraryitem.h">
      <Filter>Header Files</Filter>
    </ClInclude>
    <ClInclude Include="src\library\librarymodel.h">
      <Filter>Header Files</Filter>
    </ClInclude>
    <ClInclude Include="src\library\libraryplaylistitem.h">
      <Filter>Header Files</Filter>
    </ClInclude>
    <ClInclude Include="src\library\libraryquery.h">
      <Filter>Header Files</Filter>
    </ClInclude>
    <ClInclude Include="src\library\librarysettingspage.h">
      <Filter>Header Files</Filter>
    </ClInclude>
    <ClInclude Include="src\library\libraryview.h">
      <Filter>Header Files</Filter>
    </ClInclude>
    <ClInclude Include="src\library\libraryviewcontainer.h">
      <Filter>Header Files</Filter>
    </ClInclude>
    <ClInclude Include="src\library\librarywatcher.h">
      <Filter>Header Files</Filter>
    </ClInclude>
    <ClInclude Include="src\library\savedgroupingmanager.h">
      <Filter>Header Files</Filter>
    </ClInclude>
    <ClInclude Include="src\library\sqlrow.h">
      <Filter>Header Files</Filter>
    </ClInclude>
    <ClInclude Include="src\mac\SBSystemPreferences.h">
      <Filter>Header Files</Filter>
    </ClInclude>
    <ClInclude Include="src\moodbar\moodbarbuilder.h">
      <Filter>Header Files</Filter>
    </ClInclude>
    <ClInclude Include="src\moodbar\moodbarcontroller.h">
      <Filter>Header Files</Filter>
    </ClInclude>
    <ClInclude Include="src\moodbar\moodbaritemdelegate.h">
      <Filter>Header Files</Filter>
    </ClInclude>
    <ClInclude Include="src\moodbar\moodbarloader.h">
      <Filter>Header Files</Filter>
    </ClInclude>
    <ClInclude Include="src\moodbar\moodbarpipeline.h">
      <Filter>Header Files</Filter>
    </ClInclude>
    <ClInclude Include="src\moodbar\moodbarproxystyle.h">
      <Filter>Header Files</Filter>
    </ClInclude>
    <ClInclude Include="src\moodbar\moodbarrenderer.h">
      <Filter>Header Files</Filter>
    </ClInclude>
    <ClInclude Include="src\musicbrainz\acoustidclient.h">
      <Filter>Header Files</Filter>
    </ClInclude>
    <ClInclude Include="src\musicbrainz\chromaprinter.h">
      <Filter>Header Files</Filter>
    </ClInclude>
    <ClInclude Include="src\musicbrainz\musicbrainzclient.h">
      <Filter>Header Files</Filter>
    </ClInclude>
    <ClInclude Include="src\musicbrainz\tagfetcher.h">
      <Filter>Header Files</Filter>
    </ClInclude>
    <ClInclude Include="src\networkremote\avahi.h">
      <Filter>Header Files</Filter>
    </ClInclude>
    <ClInclude Include="src\networkremote\bonjour.h">
      <Filter>Header Files</Filter>
    </ClInclude>
    <ClInclude Include="src\networkremote\incomingdataparser.h">
      <Filter>Header Files</Filter>
    </ClInclude>
    <ClInclude Include="src\networkremote\networkremote.h">
      <Filter>Header Files</Filter>
    </ClInclude>
    <ClInclude Include="src\networkremote\networkremotehelper.h">
      <Filter>Header Files</Filter>
    </ClInclude>
    <ClInclude Include="src\networkremote\outgoingdatacreator.h">
      <Filter>Header Files</Filter>
    </ClInclude>
    <ClInclude Include="src\networkremote\remoteclient.h">
      <Filter>Header Files</Filter>
    </ClInclude>
    <ClInclude Include="src\networkremote\songsender.h">
      <Filter>Header Files</Filter>
    </ClInclude>
    <ClInclude Include="src\networkremote\tinysvcmdns.h">
      <Filter>Header Files</Filter>
    </ClInclude>
    <ClInclude Include="src\networkremote\zeroconf.h">
      <Filter>Header Files</Filter>
    </ClInclude>
    <ClInclude Include="src\playlist\dynamicplaylistcontrols.h">
      <Filter>Header Files</Filter>
    </ClInclude>
    <ClInclude Include="src\playlist\playlist.h">
      <Filter>Header Files</Filter>
    </ClInclude>
    <ClInclude Include="src\playlist\playlistbackend.h">
      <Filter>Header Files</Filter>
    </ClInclude>
    <ClInclude Include="src\playlist\playlistcontainer.h">
      <Filter>Header Files</Filter>
    </ClInclude>
    <ClInclude Include="src\playlist\playlistdelegates.h">
      <Filter>Header Files</Filter>
    </ClInclude>
    <ClInclude Include="src\playlist\playlistfilter.h">
      <Filter>Header Files</Filter>
    </ClInclude>
    <ClInclude Include="src\playlist\playlistfilterparser.h">
      <Filter>Header Files</Filter>
    </ClInclude>
    <ClInclude Include="src\playlist\playlistheader.h">
      <Filter>Header Files</Filter>
    </ClInclude>
    <ClInclude Include="src\playlist\playlistitem.h">
      <Filter>Header Files</Filter>
    </ClInclude>
    <ClInclude Include="src\playlist\playlistitemmimedata.h">
      <Filter>Header Files</Filter>
    </ClInclude>
    <ClInclude Include="src\playlist\playlistlistcontainer.h">
      <Filter>Header Files</Filter>
    </ClInclude>
    <ClInclude Include="src\playlist\playlistlistmodel.h">
      <Filter>Header Files</Filter>
    </ClInclude>
    <ClInclude Include="src\playlist\playlistlistview.h">
      <Filter>Header Files</Filter>
    </ClInclude>
    <ClInclude Include="src\playlist\playlistmanager.h">
      <Filter>Header Files</Filter>
    </ClInclude>
    <ClInclude Include="src\playlist\playlistsaveoptionsdialog.h">
      <Filter>Header Files</Filter>
    </ClInclude>
    <ClInclude Include="src\playlist\playlistsequence.h">
      <Filter>Header Files</Filter>
    </ClInclude>
    <ClInclude Include="src\playlist\playlisttabbar.h">
      <Filter>Header Files</Filter>
    </ClInclude>
    <ClInclude Include="src\playlist\playlistundocommands.h">
      <Filter>Header Files</Filter>
    </ClInclude>
    <ClInclude Include="src\playlist\playlistview.h">
      <Filter>Header Files</Filter>
    </ClInclude>
    <ClInclude Include="src\playlist\queue.h">
      <Filter>Header Files</Filter>
    </ClInclude>
    <ClInclude Include="src\playlist\queuemanager.h">
      <Filter>Header Files</Filter>
    </ClInclude>
    <ClInclude Include="src\playlist\songloaderinserter.h">
      <Filter>Header Files</Filter>
    </ClInclude>
    <ClInclude Include="src\playlist\songmimedata.h">
      <Filter>Header Files</Filter>
    </ClInclude>
    <ClInclude Include="src\playlist\songplaylistitem.h">
      <Filter>Header Files</Filter>
    </ClInclude>
    <ClInclude Include="src\playlistparsers\asxiniparser.h">
      <Filter>Header Files</Filter>
    </ClInclude>
    <ClInclude Include="src\playlistparsers\asxparser.h">
      <Filter>Header Files</Filter>
    </ClInclude>
    <ClInclude Include="src\playlistparsers\cueparser.h">
      <Filter>Header Files</Filter>
    </ClInclude>
    <ClInclude Include="src\playlistparsers\m3uparser.h">
      <Filter>Header Files</Filter>
    </ClInclude>
    <ClInclude Include="src\playlistparsers\parserbase.h">
      <Filter>Header Files</Filter>
    </ClInclude>
    <ClInclude Include="src\playlistparsers\playlistparser.h">
      <Filter>Header Files</Filter>
    </ClInclude>
    <ClInclude Include="src\playlistparsers\plsparser.h">
      <Filter>Header Files</Filter>
    </ClInclude>
    <ClInclude Include="src\playlistparsers\wplparser.h">
      <Filter>Header Files</Filter>
    </ClInclude>
    <ClInclude Include="src\playlistparsers\xmlparser.h">
      <Filter>Header Files</Filter>
    </ClInclude>
    <ClInclude Include="src\playlistparsers\xspfparser.h">
      <Filter>Header Files</Filter>
    </ClInclude>
    <ClInclude Include="src\ripper\ripcddialog.h">
      <Filter>Header Files</Filter>
    </ClInclude>
    <ClInclude Include="src\ripper\ripper.h">
      <Filter>Header Files</Filter>
    </ClInclude>
    <ClInclude Include="src\smartplaylists\generator.h">
      <Filter>Header Files</Filter>
    </ClInclude>
    <ClInclude Include="src\smartplaylists\generatorinserter.h">
      <Filter>Header Files</Filter>
    </ClInclude>
    <ClInclude Include="src\smartplaylists\generatormimedata.h">
      <Filter>Header Files</Filter>
    </ClInclude>
    <ClInclude Include="src\smartplaylists\generator_fwd.h">
      <Filter>Header Files</Filter>
    </ClInclude>
    <ClInclude Include="src\smartplaylists\querygenerator.h">
      <Filter>Header Files</Filter>
    </ClInclude>
    <ClInclude Include="src\smartplaylists\querywizardplugin.h">
      <Filter>Header Files</Filter>
    </ClInclude>
    <ClInclude Include="src\smartplaylists\search.h">
      <Filter>Header Files</Filter>
    </ClInclude>
    <ClInclude Include="src\smartplaylists\searchpreview.h">
      <Filter>Header Files</Filter>
    </ClInclude>
    <ClInclude Include="src\smartplaylists\searchterm.h">
      <Filter>Header Files</Filter>
    </ClInclude>
    <ClInclude Include="src\smartplaylists\searchtermwidget.h">
      <Filter>Header Files</Filter>
    </ClInclude>
    <ClInclude Include="src\smartplaylists\wizard.h">
      <Filter>Header Files</Filter>
    </ClInclude>
    <ClInclude Include="src\smartplaylists\wizardplugin.h">
      <Filter>Header Files</Filter>
    </ClInclude>
    <ClInclude Include="src\songinfo\artistinfoview.h">
      <Filter>Header Files</Filter>
    </ClInclude>
    <ClInclude Include="src\songinfo\collapsibleinfoheader.h">
      <Filter>Header Files</Filter>
    </ClInclude>
    <ClInclude Include="src\songinfo\collapsibleinfopane.h">
      <Filter>Header Files</Filter>
    </ClInclude>
    <ClInclude Include="src\songinfo\echonestbiographies.h">
      <Filter>Header Files</Filter>
    </ClInclude>
    <ClInclude Include="src\songinfo\echonestimages.h">
      <Filter>Header Files</Filter>
    </ClInclude>
    <ClInclude Include="src\songinfo\echonestsimilarartists.h">
      <Filter>Header Files</Filter>
    </ClInclude>
    <ClInclude Include="src\songinfo\echonesttags.h">
      <Filter>Header Files</Filter>
    </ClInclude>
    <ClInclude Include="src\songinfo\lastfmtrackinfoprovider.h">
      <Filter>Header Files</Filter>
    </ClInclude>
    <ClInclude Include="src\songinfo\songinfobase.h">
      <Filter>Header Files</Filter>
    </ClInclude>
    <ClInclude Include="src\songinfo\songinfofetcher.h">
      <Filter>Header Files</Filter>
    </ClInclude>
    <ClInclude Include="src\songinfo\songinfoprovider.h">
      <Filter>Header Files</Filter>
    </ClInclude>
    <ClInclude Include="src\songinfo\songinfosettingspage.h">
      <Filter>Header Files</Filter>
    </ClInclude>
    <ClInclude Include="src\songinfo\songinfotextview.h">
      <Filter>Header Files</Filter>
    </ClInclude>
    <ClInclude Include="src\songinfo\songinfoview.h">
      <Filter>Header Files</Filter>
    </ClInclude>
    <ClInclude Include="src\songinfo\songkickconcerts.h">
      <Filter>Header Files</Filter>
    </ClInclude>
    <ClInclude Include="src\songinfo\songkickconcertwidget.h">
      <Filter>Header Files</Filter>
    </ClInclude>
    <ClInclude Include="src\songinfo\songplaystats.h">
      <Filter>Header Files</Filter>
    </ClInclude>
    <ClInclude Include="src\songinfo\taglyricsinfoprovider.h">
      <Filter>Header Files</Filter>
    </ClInclude>
    <ClInclude Include="src\songinfo\tagwidget.h">
      <Filter>Header Files</Filter>
    </ClInclude>
    <ClInclude Include="src\songinfo\ultimatelyricslyric.h">
      <Filter>Header Files</Filter>
    </ClInclude>
    <ClInclude Include="src\songinfo\ultimatelyricsprovider.h">
      <Filter>Header Files</Filter>
    </ClInclude>
    <ClInclude Include="src\songinfo\ultimatelyricsreader.h">
      <Filter>Header Files</Filter>
    </ClInclude>
    <ClInclude Include="src\transcoder\transcodedialog.h">
      <Filter>Header Files</Filter>
    </ClInclude>
    <ClInclude Include="src\transcoder\transcoder.h">
      <Filter>Header Files</Filter>
    </ClInclude>
    <ClInclude Include="src\transcoder\transcoderoptionsaac.h">
      <Filter>Header Files</Filter>
    </ClInclude>
    <ClInclude Include="src\transcoder\transcoderoptionsdialog.h">
      <Filter>Header Files</Filter>
    </ClInclude>
    <ClInclude Include="src\transcoder\transcoderoptionsflac.h">
      <Filter>Header Files</Filter>
    </ClInclude>
    <ClInclude Include="src\transcoder\transcoderoptionsinterface.h">
      <Filter>Header Files</Filter>
    </ClInclude>
    <ClInclude Include="src\transcoder\transcoderoptionsmp3.h">
      <Filter>Header Files</Filter>
    </ClInclude>
    <ClInclude Include="src\transcoder\transcoderoptionsopus.h">
      <Filter>Header Files</Filter>
    </ClInclude>
    <ClInclude Include="src\transcoder\transcoderoptionsspeex.h">
      <Filter>Header Files</Filter>
    </ClInclude>
    <ClInclude Include="src\transcoder\transcoderoptionsvorbis.h">
      <Filter>Header Files</Filter>
    </ClInclude>
    <ClInclude Include="src\transcoder\transcoderoptionswma.h">
      <Filter>Header Files</Filter>
    </ClInclude>
    <ClInclude Include="src\transcoder\transcodersettingspage.h">
      <Filter>Header Files</Filter>
    </ClInclude>
    <ClInclude Include="src\ui\about.h">
      <Filter>Header Files</Filter>
    </ClInclude>
    <ClInclude Include="src\ui\addstreamdialog.h">
      <Filter>Header Files</Filter>
    </ClInclude>
    <ClInclude Include="src\ui\albumcoverchoicecontroller.h">
      <Filter>Header Files</Filter>
    </ClInclude>
    <ClInclude Include="src\ui\albumcoverexport.h">
      <Filter>Header Files</Filter>
    </ClInclude>
    <ClInclude Include="src\ui\albumcovermanager.h">
      <Filter>Header Files</Filter>
    </ClInclude>
    <ClInclude Include="src\ui\albumcovermanagerlist.h">
      <Filter>Header Files</Filter>
    </ClInclude>
    <ClInclude Include="src\ui\albumcoversearcher.h">
      <Filter>Header Files</Filter>
    </ClInclude>
    <ClInclude Include="src\ui\appearancesettingspage.h">
      <Filter>Header Files</Filter>
    </ClInclude>
    <ClInclude Include="src\ui\backgroundstreamssettingspage.h">
      <Filter>Header Files</Filter>
    </ClInclude>
    <ClInclude Include="src\ui\behavioursettingspage.h">
      <Filter>Header Files</Filter>
    </ClInclude>
    <ClInclude Include="src\ui\console.h">
      <Filter>Header Files</Filter>
    </ClInclude>
    <ClInclude Include="src\ui\coverfromurldialog.h">
      <Filter>Header Files</Filter>
    </ClInclude>
    <ClInclude Include="src\ui\dbusscreensaver.h">
      <Filter>Header Files</Filter>
    </ClInclude>
    <ClInclude Include="src\ui\edittagdialog.h">
      <Filter>Header Files</Filter>
    </ClInclude>
    <ClInclude Include="src\ui\equalizer.h">
      <Filter>Header Files</Filter>
    </ClInclude>
    <ClInclude Include="src\ui\flowlayout.h">
      <Filter>Header Files</Filter>
    </ClInclude>
    <ClInclude Include="src\ui\globalshortcutgrabber.h">
      <Filter>Header Files</Filter>
    </ClInclude>
    <ClInclude Include="src\ui\globalshortcutssettingspage.h">
      <Filter>Header Files</Filter>
    </ClInclude>
    <ClInclude Include="src\ui\iconloader.h">
      <Filter>Header Files</Filter>
    </ClInclude>
    <ClInclude Include="src\ui\macscreensaver.h">
      <Filter>Header Files</Filter>
    </ClInclude>
    <ClInclude Include="src\ui\macsystemtrayicon.h">
      <Filter>Header Files</Filter>
    </ClInclude>
    <ClInclude Include="src\ui\mainwindow.h">
      <Filter>Header Files</Filter>
    </ClInclude>
    <ClInclude Include="src\ui\networkproxysettingspage.h">
      <Filter>Header Files</Filter>
    </ClInclude>
    <ClInclude Include="src\ui\networkremotesettingspage.h">
      <Filter>Header Files</Filter>
    </ClInclude>
    <ClInclude Include="src\ui\notificationssettingspage.h">
      <Filter>Header Files</Filter>
    </ClInclude>
    <ClInclude Include="src\ui\organisedialog.h">
      <Filter>Header Files</Filter>
    </ClInclude>
    <ClInclude Include="src\ui\organiseerrordialog.h">
      <Filter>Header Files</Filter>
    </ClInclude>
    <ClInclude Include="src\ui\playbacksettingspage.h">
      <Filter>Header Files</Filter>
    </ClInclude>
    <ClInclude Include="src\ui\qtsystemtrayicon.h">
      <Filter>Header Files</Filter>
    </ClInclude>
    <ClInclude Include="src\ui\qt_blurimage.h">
      <Filter>Header Files</Filter>
    </ClInclude>
    <ClInclude Include="src\ui\screensaver.h">
      <Filter>Header Files</Filter>
    </ClInclude>
    <ClInclude Include="src\ui\settingsdialog.h">
      <Filter>Header Files</Filter>
    </ClInclude>
    <ClInclude Include="src\ui\settingspage.h">
      <Filter>Header Files</Filter>
    </ClInclude>
    <ClInclude Include="src\ui\standarditemiconloader.h">
      <Filter>Header Files</Filter>
    </ClInclude>
    <ClInclude Include="src\ui\systemtrayicon.h">
      <Filter>Header Files</Filter>
    </ClInclude>
    <ClInclude Include="src\ui\trackselectiondialog.h">
      <Filter>Header Files</Filter>
    </ClInclude>
    <ClInclude Include="src\ui\windows7thumbbar.h">
      <Filter>Header Files</Filter>
    </ClInclude>
    <ClInclude Include="src\ui\windowsscreensaver.h">
      <Filter>Header Files</Filter>
    </ClInclude>
    <ClInclude Include="src\visualisations\projectmpresetmodel.h">
      <Filter>Header Files</Filter>
    </ClInclude>
    <ClInclude Include="src\visualisations\projectmvisualisation.h">
      <Filter>Header Files</Filter>
    </ClInclude>
    <ClInclude Include="src\visualisations\visualisationcontainer.h">
      <Filter>Header Files</Filter>
    </ClInclude>
    <ClInclude Include="src\visualisations\visualisationoverlay.h">
      <Filter>Header Files</Filter>
    </ClInclude>
    <ClInclude Include="src\visualisations\visualisationselector.h">
      <Filter>Header Files</Filter>
    </ClInclude>
    <ClInclude Include="src\widgets\autoexpandingtreeview.h">
      <Filter>Header Files</Filter>
    </ClInclude>
    <ClInclude Include="src\widgets\busyindicator.h">
      <Filter>Header Files</Filter>
    </ClInclude>
    <ClInclude Include="src\widgets\clickablelabel.h">
      <Filter>Header Files</Filter>
    </ClInclude>
    <ClInclude Include="src\widgets\didyoumean.h">
      <Filter>Header Files</Filter>
    </ClInclude>
    <ClInclude Include="src\widgets\elidedlabel.h">
      <Filter>Header Files</Filter>
    </ClInclude>
    <ClInclude Include="src\widgets\equalizerslider.h">
      <Filter>Header Files</Filter>
    </ClInclude>
    <ClInclude Include="src\widgets\errordialog.h">
      <Filter>Header Files</Filter>
    </ClInclude>
    <ClInclude Include="src\widgets\fancytabwidget.h">
      <Filter>Header Files</Filter>
    </ClInclude>
    <ClInclude Include="src\widgets\favoritewidget.h">
      <Filter>Header Files</Filter>
    </ClInclude>
    <ClInclude Include="src\widgets\fileview.h">
      <Filter>Header Files</Filter>
    </ClInclude>
    <ClInclude Include="src\widgets\fileviewlist.h">
      <Filter>Header Files</Filter>
    </ClInclude>
    <ClInclude Include="src\widgets\forcescrollperpixel.h">
      <Filter>Header Files</Filter>
    </ClInclude>
    <ClInclude Include="src\widgets\freespacebar.h">
      <Filter>Header Files</Filter>
    </ClInclude>
    <ClInclude Include="src\widgets\fullscreenhypnotoad.h">
      <Filter>Header Files</Filter>
    </ClInclude>
    <ClInclude Include="src\widgets\groupediconview.h">
      <Filter>Header Files</Filter>
    </ClInclude>
    <ClInclude Include="src\widgets\lineedit.h">
      <Filter>Header Files</Filter>
    </ClInclude>
    <ClInclude Include="src\widgets\linetextedit.h">
      <Filter>Header Files</Filter>
    </ClInclude>
    <ClInclude Include="src\widgets\loginstatewidget.h">
      <Filter>Header Files</Filter>
    </ClInclude>
    <ClInclude Include="src\widgets\multiloadingindicator.h">
      <Filter>Header Files</Filter>
    </ClInclude>
    <ClInclude Include="src\widgets\nowplayingwidget.h">
      <Filter>Header Files</Filter>
    </ClInclude>
    <ClInclude Include="src\widgets\osd.h">
      <Filter>Header Files</Filter>
    </ClInclude>
    <ClInclude Include="src\widgets\osdpretty.h">
      <Filter>Header Files</Filter>
    </ClInclude>
    <ClInclude Include="src\widgets\prettyimage.h">
      <Filter>Header Files</Filter>
    </ClInclude>
    <ClInclude Include="src\widgets\prettyimageview.h">
      <Filter>Header Files</Filter>
    </ClInclude>
    <ClInclude Include="src\widgets\progressitemdelegate.h">
      <Filter>Header Files</Filter>
    </ClInclude>
    <ClInclude Include="src\widgets\ratingwidget.h">
      <Filter>Header Files</Filter>
    </ClInclude>
    <ClInclude Include="src\widgets\renametablineedit.h">
      <Filter>Header Files</Filter>
    </ClInclude>
    <ClInclude Include="src\widgets\sliderwidget.h">
      <Filter>Header Files</Filter>
    </ClInclude>
    <ClInclude Include="src\widgets\stickyslider.h">
      <Filter>Header Files</Filter>
    </ClInclude>
    <ClInclude Include="src\widgets\stretchheaderview.h">
      <Filter>Header Files</Filter>
    </ClInclude>
    <ClInclude Include="src\widgets\stylehelper.h">
      <Filter>Header Files</Filter>
    </ClInclude>
    <ClInclude Include="src\widgets\trackslider.h">
      <Filter>Header Files</Filter>
    </ClInclude>
    <ClInclude Include="src\widgets\tracksliderpopup.h">
      <Filter>Header Files</Filter>
    </ClInclude>
    <ClInclude Include="src\widgets\tracksliderslider.h">
      <Filter>Header Files</Filter>
    </ClInclude>
    <ClInclude Include="src\widgets\widgetfadehelper.h">
      <Filter>Header Files</Filter>
    </ClInclude>
    <ClInclude Include="src\wiimotedev\consts.h">
      <Filter>Header Files</Filter>
    </ClInclude>
    <ClInclude Include="src\wiimotedev\shortcuts.h">
      <Filter>Header Files</Filter>
    </ClInclude>
    <ClInclude Include="src\wiimotedev\wiimotesettingspage.h">
      <Filter>Header Files</Filter>
    </ClInclude>
    <ClInclude Include="src\wiimotedev\wiimoteshortcutgrabber.h">
      <Filter>Header Files</Filter>
    </ClInclude>
  </ItemGroup>
  <ItemGroup>
    <None Include="ClementineClassDiagram.cd" />
  </ItemGroup>
</Project>